
Microsoft Visual Studio Solution File, Format Version 12.00
# Visual Studio Version 17
VisualStudioVersion = 17.5.33424.131
MinimumVisualStudioVersion = 10.0.40219.1
Project("{8BC9CEB8-8B4A-11D0-8D11-00A0C91BC942}") = "001_StartCPP", "001_StartCPP\001_StartCPP.vcxproj", "{F8DD73B6-5115-4B56-ADAA-B15AAC372D10}"
EndProject
Project("{8BC9CEB8-8B4A-11D0-8D11-00A0C91BC942}") = "002_include", "002_include\002_include.vcxproj", "{DC50827A-77EE-4C99-A0DB-0F3AA5EA6BC4}"
EndProject
Project("{8BC9CEB8-8B4A-11D0-8D11-00A0C91BC942}") = "003_MainFunction", "003_MainFunction\003_MainFunction.vcxproj", "{63A31AF0-C4E8-4A67-B7F3-2830DE6F8DBC}"
EndProject
Project("{8BC9CEB8-8B4A-11D0-8D11-00A0C91BC942}") = "004_Variation", "004_Variation\004_Variation.vcxproj", "{87CB953B-A2D3-4B78-BEFA-DCAA649AA0B7}"
EndProject
Project("{8BC9CEB8-8B4A-11D0-8D11-00A0C91BC942}") = "005_Operator00", "005_Operator\005_Operator.vcxproj", "{C56860C2-9759-4D5E-A96A-CB9CC5FB44CE}"
EndProject
Project("{2150E333-8FDC-42A3-9474-1A3956D46DE8}") = "Doc", "Doc", "{E423CD53-A1AC-4A6B-A822-3297B98B58AF}"
	ProjectSection(SolutionItems) = preProject
		HotKey.txt = HotKey.txt
	EndProjectSection
EndProject
Project("{2150E333-8FDC-42A3-9474-1A3956D46DE8}") = "솔루션 항목", "솔루션 항목", "{CCBB79CB-BEA7-4818-B568-023502B8EED2}"
	ProjectSection(SolutionItems) = preProject
		006_IntOrCopy\006_IntOrCopy.vcxproj = 006_IntOrCopy\006_IntOrCopy.vcxproj
	EndProjectSection
EndProject
Project("{8BC9CEB8-8B4A-11D0-8D11-00A0C91BC942}") = "006_IntOrCopy", "006_IntOrCopy\006_IntOrCopy.vcxproj", "{8EA49800-FBB8-4FDB-9942-B8F63800BE94}"
EndProject
Project("{8BC9CEB8-8B4A-11D0-8D11-00A0C91BC942}") = "007_Operator01", "007_Operator01\007_Operator01.vcxproj", "{3EDDDD48-D884-4F79-A220-A846B9EC5361}"
EndProject
Project("{8BC9CEB8-8B4A-11D0-8D11-00A0C91BC942}") = "008_Bit", "008_Bit\008_Bit.vcxproj", "{BFB416F6-0B5D-41F0-B616-0EFF8B29B8AD}"
EndProject
Global
	GlobalSection(SolutionConfigurationPlatforms) = preSolution
		Debug|x64 = Debug|x64
		Debug|x86 = Debug|x86
		Release|x64 = Release|x64
		Release|x86 = Release|x86
	EndGlobalSection
	GlobalSection(ProjectConfigurationPlatforms) = postSolution
		{F8DD73B6-5115-4B56-ADAA-B15AAC372D10}.Debug|x64.ActiveCfg = Debug|x64
		{F8DD73B6-5115-4B56-ADAA-B15AAC372D10}.Debug|x64.Build.0 = Debug|x64
		{F8DD73B6-5115-4B56-ADAA-B15AAC372D10}.Debug|x86.ActiveCfg = Debug|Win32
		{F8DD73B6-5115-4B56-ADAA-B15AAC372D10}.Debug|x86.Build.0 = Debug|Win32
		{F8DD73B6-5115-4B56-ADAA-B15AAC372D10}.Release|x64.ActiveCfg = Release|x64
		{F8DD73B6-5115-4B56-ADAA-B15AAC372D10}.Release|x64.Build.0 = Release|x64
		{F8DD73B6-5115-4B56-ADAA-B15AAC372D10}.Release|x86.ActiveCfg = Release|Win32
		{F8DD73B6-5115-4B56-ADAA-B15AAC372D10}.Release|x86.Build.0 = Release|Win32
		{DC50827A-77EE-4C99-A0DB-0F3AA5EA6BC4}.Debug|x64.ActiveCfg = Debug|x64
		{DC50827A-77EE-4C99-A0DB-0F3AA5EA6BC4}.Debug|x64.Build.0 = Debug|x64
		{DC50827A-77EE-4C99-A0DB-0F3AA5EA6BC4}.Debug|x86.ActiveCfg = Debug|Win32
		{DC50827A-77EE-4C99-A0DB-0F3AA5EA6BC4}.Debug|x86.Build.0 = Debug|Win32
		{DC50827A-77EE-4C99-A0DB-0F3AA5EA6BC4}.Release|x64.ActiveCfg = Release|x64
		{DC50827A-77EE-4C99-A0DB-0F3AA5EA6BC4}.Release|x64.Build.0 = Release|x64
		{DC50827A-77EE-4C99-A0DB-0F3AA5EA6BC4}.Release|x86.ActiveCfg = Release|Win32
		{DC50827A-77EE-4C99-A0DB-0F3AA5EA6BC4}.Release|x86.Build.0 = Release|Win32
		{63A31AF0-C4E8-4A67-B7F3-2830DE6F8DBC}.Debug|x64.ActiveCfg = Debug|x64
		{63A31AF0-C4E8-4A67-B7F3-2830DE6F8DBC}.Debug|x64.Build.0 = Debug|x64
		{63A31AF0-C4E8-4A67-B7F3-2830DE6F8DBC}.Debug|x86.ActiveCfg = Debug|Win32
		{63A31AF0-C4E8-4A67-B7F3-2830DE6F8DBC}.Debug|x86.Build.0 = Debug|Win32
		{63A31AF0-C4E8-4A67-B7F3-2830DE6F8DBC}.Release|x64.ActiveCfg = Release|x64
		{63A31AF0-C4E8-4A67-B7F3-2830DE6F8DBC}.Release|x64.Build.0 = Release|x64
		{63A31AF0-C4E8-4A67-B7F3-2830DE6F8DBC}.Release|x86.ActiveCfg = Release|Win32
		{63A31AF0-C4E8-4A67-B7F3-2830DE6F8DBC}.Release|x86.Build.0 = Release|Win32
		{87CB953B-A2D3-4B78-BEFA-DCAA649AA0B7}.Debug|x64.ActiveCfg = Debug|x64
		{87CB953B-A2D3-4B78-BEFA-DCAA649AA0B7}.Debug|x64.Build.0 = Debug|x64
		{87CB953B-A2D3-4B78-BEFA-DCAA649AA0B7}.Debug|x86.ActiveCfg = Debug|Win32
		{87CB953B-A2D3-4B78-BEFA-DCAA649AA0B7}.Debug|x86.Build.0 = Debug|Win32
		{87CB953B-A2D3-4B78-BEFA-DCAA649AA0B7}.Release|x64.ActiveCfg = Release|x64
		{87CB953B-A2D3-4B78-BEFA-DCAA649AA0B7}.Release|x64.Build.0 = Release|x64
		{87CB953B-A2D3-4B78-BEFA-DCAA649AA0B7}.Release|x86.ActiveCfg = Release|Win32
		{87CB953B-A2D3-4B78-BEFA-DCAA649AA0B7}.Release|x86.Build.0 = Release|Win32
		{C56860C2-9759-4D5E-A96A-CB9CC5FB44CE}.Debug|x64.ActiveCfg = Debug|x64
		{C56860C2-9759-4D5E-A96A-CB9CC5FB44CE}.Debug|x64.Build.0 = Debug|x64
		{C56860C2-9759-4D5E-A96A-CB9CC5FB44CE}.Debug|x86.ActiveCfg = Debug|Win32
		{C56860C2-9759-4D5E-A96A-CB9CC5FB44CE}.Debug|x86.Build.0 = Debug|Win32
		{C56860C2-9759-4D5E-A96A-CB9CC5FB44CE}.Release|x64.ActiveCfg = Release|x64
		{C56860C2-9759-4D5E-A96A-CB9CC5FB44CE}.Release|x64.Build.0 = Release|x64
		{C56860C2-9759-4D5E-A96A-CB9CC5FB44CE}.Release|x86.ActiveCfg = Release|Win32
		{C56860C2-9759-4D5E-A96A-CB9CC5FB44CE}.Release|x86.Build.0 = Release|Win32
		{8EA49800-FBB8-4FDB-9942-B8F63800BE94}.Debug|x64.ActiveCfg = Debug|x64
		{8EA49800-FBB8-4FDB-9942-B8F63800BE94}.Debug|x64.Build.0 = Debug|x64
		{8EA49800-FBB8-4FDB-9942-B8F63800BE94}.Debug|x86.ActiveCfg = Debug|Win32
		{8EA49800-FBB8-4FDB-9942-B8F63800BE94}.Debug|x86.Build.0 = Debug|Win32
		{8EA49800-FBB8-4FDB-9942-B8F63800BE94}.Release|x64.ActiveCfg = Release|x64
		{8EA49800-FBB8-4FDB-9942-B8F63800BE94}.Release|x64.Build.0 = Release|x64
		{8EA49800-FBB8-4FDB-9942-B8F63800BE94}.Release|x86.ActiveCfg = Release|Win32
		{8EA49800-FBB8-4FDB-9942-B8F63800BE94}.Release|x86.Build.0 = Release|Win32
		{3EDDDD48-D884-4F79-A220-A846B9EC5361}.Debug|x64.ActiveCfg = Debug|x64
		{3EDDDD48-D884-4F79-A220-A846B9EC5361}.Debug|x64.Build.0 = Debug|x64
		{3EDDDD48-D884-4F79-A220-A846B9EC5361}.Debug|x86.ActiveCfg = Debug|Win32
		{3EDDDD48-D884-4F79-A220-A846B9EC5361}.Debug|x86.Build.0 = Debug|Win32
		{3EDDDD48-D884-4F79-A220-A846B9EC5361}.Release|x64.ActiveCfg = Release|x64
		{3EDDDD48-D884-4F79-A220-A846B9EC5361}.Release|x64.Build.0 = Release|x64
		{3EDDDD48-D884-4F79-A220-A846B9EC5361}.Release|x86.ActiveCfg = Release|Win32
		{3EDDDD48-D884-4F79-A220-A846B9EC5361}.Release|x86.Build.0 = Release|Win32
		{BFB416F6-0B5D-41F0-B616-0EFF8B29B8AD}.Debug|x64.ActiveCfg = Debug|x64
		{BFB416F6-0B5D-41F0-B616-0EFF8B29B8AD}.Debug|x64.Build.0 = Debug|x64
		{BFB416F6-0B5D-41F0-B616-0EFF8B29B8AD}.Debug|x86.ActiveCfg = Debug|Win32
		{BFB416F6-0B5D-41F0-B616-0EFF8B29B8AD}.Debug|x86.Build.0 = Debug|Win32
		{BFB416F6-0B5D-41F0-B616-0EFF8B29B8AD}.Release|x64.ActiveCfg = Release|x64
		{BFB416F6-0B5D-41F0-B616-0EFF8B29B8AD}.Release|x64.Build.0 = Release|x64
		{BFB416F6-0B5D-41F0-B616-0EFF8B29B8AD}.Release|x86.ActiveCfg = Release|Win32
		{BFB416F6-0B5D-41F0-B616-0EFF8B29B8AD}.Release|x86.Build.0 = Release|Win32
	EndGlobalSection
	GlobalSection(SolutionProperties) = preSolution
		HideSolutionNode = FALSE
	EndGlobalSection
	GlobalSection(ExtensibilityGlobals) = postSolution
		SolutionGuid = {B91C90F2-6B00-4083-A2B2-BCD039C18B62}
	EndGlobalSection
EndGlobal
