
Microsoft Visual Studio Solution File, Format Version 12.00
# Visual Studio Version 17
VisualStudioVersion = 17.5.33424.131
MinimumVisualStudioVersion = 10.0.40219.1
Project("{8BC9CEB8-8B4A-11D0-8D11-00A0C91BC942}") = "001_StartCPP", "001_StartCPP\001_StartCPP.vcxproj", "{F8DD73B6-5115-4B56-ADAA-B15AAC372D10}"
EndProject
Project("{8BC9CEB8-8B4A-11D0-8D11-00A0C91BC942}") = "002_include", "002_include\002_include.vcxproj", "{DC50827A-77EE-4C99-A0DB-0F3AA5EA6BC4}"
EndProject
Project("{8BC9CEB8-8B4A-11D0-8D11-00A0C91BC942}") = "003_MainFunction", "003_MainFunction\003_MainFunction.vcxproj", "{63A31AF0-C4E8-4A67-B7F3-2830DE6F8DBC}"
EndProject
Project("{8BC9CEB8-8B4A-11D0-8D11-00A0C91BC942}") = "004_Variation", "004_Variation\004_Variation.vcxproj", "{87CB953B-A2D3-4B78-BEFA-DCAA649AA0B7}"
EndProject
Project("{8BC9CEB8-8B4A-11D0-8D11-00A0C91BC942}") = "005_Operator00", "005_Operator\005_Operator.vcxproj", "{C56860C2-9759-4D5E-A96A-CB9CC5FB44CE}"
EndProject
Project("{2150E333-8FDC-42A3-9474-1A3956D46DE8}") = "_Doc", "_Doc", "{E423CD53-A1AC-4A6B-A822-3297B98B58AF}"
	ProjectSection(SolutionItems) = preProject
		HotKey.txt = HotKey.txt
	EndProjectSection
EndProject
Project("{8BC9CEB8-8B4A-11D0-8D11-00A0C91BC942}") = "006_IntOrCopy", "006_IntOrCopy\006_IntOrCopy.vcxproj", "{8EA49800-FBB8-4FDB-9942-B8F63800BE94}"
EndProject
Project("{8BC9CEB8-8B4A-11D0-8D11-00A0C91BC942}") = "007_Operator01", "007_Operator01\007_Operator01.vcxproj", "{3EDDDD48-D884-4F79-A220-A846B9EC5361}"
EndProject
Project("{8BC9CEB8-8B4A-11D0-8D11-00A0C91BC942}") = "008_Bit", "008_Bit\008_Bit.vcxproj", "{BFB416F6-0B5D-41F0-B616-0EFF8B29B8AD}"
EndProject
Project("{8BC9CEB8-8B4A-11D0-8D11-00A0C91BC942}") = "009_Semicolon", "009_semicolon\009_semicolon.vcxproj", "{732F3C1A-641B-4991-B7A1-76044093951F}"
EndProject
Project("{8BC9CEB8-8B4A-11D0-8D11-00A0C91BC942}") = "010_Operator02", "010_Operator02\010_Operator02.vcxproj", "{532B9C5B-7E56-4205-B3D2-D147D317C591}"
EndProject
Project("{8BC9CEB8-8B4A-11D0-8D11-00A0C91BC942}") = "011_Operator03", "011_Operator03\011_Operator03.vcxproj", "{D929B3CD-4AB5-4E35-978F-8C7663CDAFB6}"
EndProject
Project("{8BC9CEB8-8B4A-11D0-8D11-00A0C91BC942}") = "012_FunctionAndMemory", "012_FunctionAndMemory\012_FunctionAndMemory.vcxproj", "{F5AFBA25-2C5A-4626-AB8B-752B69DBA23A}"
EndProject
Project("{8BC9CEB8-8B4A-11D0-8D11-00A0C91BC942}") = "013_Function", "013_Function\013_Function.vcxproj", "{BF7BB5C0-103E-4F6C-A137-1CA110905941}"
EndProject
Project("{8BC9CEB8-8B4A-11D0-8D11-00A0C91BC942}") = "014_Unsigned", "014_Unsigned\014_Unsigned.vcxproj", "{F8E5ED72-C13E-443D-8B64-0CE4FA826D46}"
EndProject
Project("{8BC9CEB8-8B4A-11D0-8D11-00A0C91BC942}") = "015_Character", "015_Charactor\015_Charactor.vcxproj", "{40793F63-0D77-4A4A-9DC3-3CEA86B2881B}"
EndProject
Project("{8BC9CEB8-8B4A-11D0-8D11-00A0C91BC942}") = "016_ArrayToString", "016_ArrayToString\016_ArrayToString.vcxproj", "{27082228-AC79-44C8-A2C3-4ED1F261A819}"
EndProject
Project("{8BC9CEB8-8B4A-11D0-8D11-00A0C91BC942}") = "017_Printf", "017_Printf\017_Printf.vcxproj", "{833A54A8-62C7-46BD-B414-3D91EF165877}"
EndProject
Project("{8BC9CEB8-8B4A-11D0-8D11-00A0C91BC942}") = "018_Const", "018_Const\018_Const.vcxproj", "{5D0E883C-E9CE-40B9-AC9A-A613EC2D3F58}"
EndProject
Project("{8BC9CEB8-8B4A-11D0-8D11-00A0C91BC942}") = "019_Inline", "019_Inline\019_Inline.vcxproj", "{B8CB1997-74A4-40AC-9E83-920B5BB581BC}"
EndProject
Project("{8BC9CEB8-8B4A-11D0-8D11-00A0C91BC942}") = "020_Pointer00", "020_Pointer00\020_Pointer00.vcxproj", "{A890CCDB-1897-4D12-AC8E-199F21311FA9}"
EndProject
Project("{8BC9CEB8-8B4A-11D0-8D11-00A0C91BC942}") = "021_Pointer01", "021_Pointer01\021_Pointer01.vcxproj", "{96E4A3FD-6B87-4EED-B10B-45D307421783}"
EndProject
Project("{8BC9CEB8-8B4A-11D0-8D11-00A0C91BC942}") = "022_PointerOperator", "022_PointerOperator\022_PointerOperator.vcxproj", "{368C4DA3-11E6-4535-B99F-5F5D5F9850E3}"
EndProject
Project("{8BC9CEB8-8B4A-11D0-8D11-00A0C91BC942}") = "023_NullPointer", "023_NullPointer\023_NullPointer.vcxproj", "{CDBE6DEB-D026-48D0-A3EC-E932E3E52634}"
EndProject
Project("{8BC9CEB8-8B4A-11D0-8D11-00A0C91BC942}") = "024_Reference", "024_Reference\024_Reference.vcxproj", "{F7FC8F85-55F4-4148-A47E-92357BEFB619}"
EndProject
Project("{8BC9CEB8-8B4A-11D0-8D11-00A0C91BC942}") = "025_printf01", "025_Const02\025_Const02.vcxproj", "{CCC7053A-53EF-47B8-8146-133684555079}"
EndProject
Project("{8BC9CEB8-8B4A-11D0-8D11-00A0C91BC942}") = "026_TypeChange", "026_TypeChange\026_TypeChange.vcxproj", "{E55E8535-3467-487B-9473-C671F236231B}"
EndProject
Project("{8BC9CEB8-8B4A-11D0-8D11-00A0C91BC942}") = "027_Printf_s", "027_Printf_s\027_Printf_s.vcxproj", "{C29FC28F-9AE3-43DD-A594-135617CED887}"
EndProject
Project("{8BC9CEB8-8B4A-11D0-8D11-00A0C91BC942}") = "028_While", "028_While\028_While.vcxproj", "{7C6F11AF-EEE7-4E67-8F8B-A0EBB7AD6722}"
EndProject
Project("{8BC9CEB8-8B4A-11D0-8D11-00A0C91BC942}") = "029_VariableArgument", "VariableArgument\VariableArgument.vcxproj", "{677A648E-A8C9-490E-8A00-5B10A4615036}"
EndProject
Project("{8BC9CEB8-8B4A-11D0-8D11-00A0C91BC942}") = "test1", "test1\test1.vcxproj", "{8E393579-39AE-4DAF-9754-1F9D9DC0D463}"
EndProject
Project("{8BC9CEB8-8B4A-11D0-8D11-00A0C91BC942}") = "030_PointerOperator00", "030_PointerOperator00\030_PointerOperator00.vcxproj", "{123F65F0-3B9B-4015-9256-3124B3E3B5A8}"
EndProject
Project("{8BC9CEB8-8B4A-11D0-8D11-00A0C91BC942}") = "031_IF", "031_IF\031_IF.vcxproj", "{007C03CA-53A9-4D32-A560-FAB961734609}"
EndProject
Project("{8BC9CEB8-8B4A-11D0-8D11-00A0C91BC942}") = "033_MyPrintf", "033_MyPrintf\033_MyPrintf.vcxproj", "{3CEFBB79-1DD0-41A7-8621-380B4C0C7E21}"
EndProject
Project("{8BC9CEB8-8B4A-11D0-8D11-00A0C91BC942}") = "032_Switch", "032_Switch\032_Switch.vcxproj", "{682C8740-7C7A-4897-B95F-2C9055D642BA}"
EndProject
Project("{2150E333-8FDC-42A3-9474-1A3956D46DE8}") = "10_Homework", "10_Homework", "{68102F11-CB90-4F9E-9A79-C793D27FFF3C}"
EndProject
Project("{8BC9CEB8-8B4A-11D0-8D11-00A0C91BC942}") = "034_Random", "034_Random\034_Random.vcxproj", "{BCB367C7-8F2E-4C8B-9EF2-9EF8FDAA9AC8}"
EndProject
Project("{8BC9CEB8-8B4A-11D0-8D11-00A0C91BC942}") = "035_For", "035_For\035_For.vcxproj", "{572F104A-8B3C-4AA8-814F-F2D90CAA10EB}"
EndProject
Project("{8BC9CEB8-8B4A-11D0-8D11-00A0C91BC942}") = "036_Global", "036_Global\036_Global.vcxproj", "{80DAB642-A37A-4DBC-BCC3-2773227E5039}"
EndProject
Project("{8BC9CEB8-8B4A-11D0-8D11-00A0C91BC942}") = "037_typedef", "037_typedef\037_typedef.vcxproj", "{9DE3CC0D-44E4-4D03-BE97-AB8B447EF766}"
EndProject
Project("{8BC9CEB8-8B4A-11D0-8D11-00A0C91BC942}") = "038_Class", "038_Class\038_Class.vcxproj", "{E5BEE580-B15F-4CDA-A67A-CBE678FC3130}"
EndProject
Project("{8BC9CEB8-8B4A-11D0-8D11-00A0C91BC942}") = "039_Break and Continue", "039_Break and Continue\039_Break and Continue.vcxproj", "{5A6250C9-335B-4831-9262-A52F35B5ACA4}"
EndProject
Project("{8BC9CEB8-8B4A-11D0-8D11-00A0C91BC942}") = "041_Class02_UserAccess", "041_Class02_UserAccess\041_Class02_UserAccess.vcxproj", "{C9CCAF53-E0A6-44B0-8EC6-4178AFEA8A29}"
EndProject
Project("{8BC9CEB8-8B4A-11D0-8D11-00A0C91BC942}") = "042_Class03_Struct", "042_Class03_Struct\042_Class03_Struct.vcxproj", "{0AC5B5C0-9B17-4C06-8DF3-A9E5FE922163}"
EndProject
Project("{8BC9CEB8-8B4A-11D0-8D11-00A0C91BC942}") = "043_Array2Demention", "043_Array2Demention\043_Array2Demention.vcxproj", "{195F7C02-B244-4CF7-AD19-9BA2E5BFB126}"
EndProject
Project("{8BC9CEB8-8B4A-11D0-8D11-00A0C91BC942}") = "044_Member", "044_Member\044_Member.vcxproj", "{2D9D211B-1BED-4A74-A505-FA80B58179EC}"
EndProject
Project("{8BC9CEB8-8B4A-11D0-8D11-00A0C91BC942}") = "045_NameSpace", "045_NameSpace\045_NameSpace.vcxproj", "{7159855A-939F-4A2F-AC2A-DA0A8D040656}"
EndProject
Project("{8BC9CEB8-8B4A-11D0-8D11-00A0C91BC942}") = "046_BytePadding", "046_BytePadding\046_BytePadding.vcxproj", "{D12C8D70-BCBB-486A-9776-1E112BC78667}"
EndProject
Project("{8BC9CEB8-8B4A-11D0-8D11-00A0C91BC942}") = "047_ClassConstructor", "047_ClassConstructer\047_ClassConstructer.vcxproj", "{60F76968-427D-4793-81F6-96D546176DD2}"
EndProject
Project("{8BC9CEB8-8B4A-11D0-8D11-00A0C91BC942}") = "048_This", "048_This\048_This.vcxproj", "{76867913-058A-4485-B415-3E080520F02F}"
EndProject
Project("{8BC9CEB8-8B4A-11D0-8D11-00A0C91BC942}") = "049_ClassObjectPointer", "049_ClassObjectPointer\049_ClassObjectPointer.vcxproj", "{318CC982-2B29-4C7B-AF3D-C3575C76F54B}"
EndProject
Project("{8BC9CEB8-8B4A-11D0-8D11-00A0C91BC942}") = "050_ClassOperator", "050_ClassOperator\050_ClassOperator.vcxproj", "{6E36123F-ED93-445A-9089-B930E0498DF8}"
EndProject
Project("{8BC9CEB8-8B4A-11D0-8D11-00A0C91BC942}") = "051_ClassParameter", "051_ClassParameter\051_ClassParameter.vcxproj", "{A0D4A2A7-1548-44BC-9472-73FECEA6EF31}"
EndProject
Project("{8BC9CEB8-8B4A-11D0-8D11-00A0C91BC942}") = "051_ClassConst", "051_ClassConst\051_ClassConst.vcxproj", "{2815916F-2B31-4D31-BBE0-91A00B6C0B8A}"
EndProject
Project("{8BC9CEB8-8B4A-11D0-8D11-00A0C91BC942}") = "052_GlobalValue", "052_GlobalValue\052_GlobalValue.vcxproj", "{FB012268-CA75-4427-8741-9C079F08B800}"
EndProject
Project("{8BC9CEB8-8B4A-11D0-8D11-00A0C91BC942}") = "test2", "test2\test2.vcxproj", "{33CAC447-4C01-4332-9028-085F64794371}"
EndProject
Project("{8BC9CEB8-8B4A-11D0-8D11-00A0C91BC942}") = "test3", "test3\test3.vcxproj", "{A7C9A9D0-6042-4795-8D10-FF2C56C79722}"
EndProject
Project("{8BC9CEB8-8B4A-11D0-8D11-00A0C91BC942}") = "053_FunctionOverload", "053_FunctionOverload\053_FunctionOverload.vcxproj", "{21A87950-7D3C-4955-B334-9D56B519BAD7}"
EndProject
Project("{8BC9CEB8-8B4A-11D0-8D11-00A0C91BC942}") = "054_Desclaration", "054_Desclaration\054_Desclaration.vcxproj", "{ACD211F1-2FA6-46D7-9422-A4FAFEF2D721}"
EndProject
Project("{8BC9CEB8-8B4A-11D0-8D11-00A0C91BC942}") = "055_ClassDeclaration", "055_ClassDeclaration\055_ClassDeclaration.vcxproj", "{3163D3CB-8E97-4E5B-A568-22355740DB66}"
EndProject
Project("{8BC9CEB8-8B4A-11D0-8D11-00A0C91BC942}") = "01_Practice_Class_Declaration", "Testcase 4\Testcase 4.vcxproj", "{510E6F2B-3065-489B-AED5-8818410E1581}"
EndProject
Project("{2150E333-8FDC-42A3-9474-1A3956D46DE8}") = "98_Note", "98_Note", "{47FF28F8-CE8B-4B22-9BAC-854FD5E7F0E3}"
EndProject
Project("{8BC9CEB8-8B4A-11D0-8D11-00A0C91BC942}") = "test5", "test5\test5.vcxproj", "{AFA8B230-6410-47B1-8B9F-E1CFFC026640}"
EndProject
Project("{8BC9CEB8-8B4A-11D0-8D11-00A0C91BC942}") = "056_HeaderAndCpp", "056_HeaderAndCpp\056_HeaderAndCpp.vcxproj", "{F13B5083-FDF3-4EF6-9CA1-1C1759219992}"
EndProject
Project("{8BC9CEB8-8B4A-11D0-8D11-00A0C91BC942}") = "057_Interitance", "057_Interitance\057_Interitance.vcxproj", "{7DEEDD7C-7EB8-4952-9018-AF086BD17143}"
EndProject
Project("{8BC9CEB8-8B4A-11D0-8D11-00A0C91BC942}") = "060_FunctionPointer", "060_FunctionPointer\060_FunctionPointer.vcxproj", "{EEED5D27-C227-4550-BDF4-F6CFEA718EA5}"
EndProject
Project("{8BC9CEB8-8B4A-11D0-8D11-00A0C91BC942}") = "058_InheritanceMemory", "058_InheritanceMemory\058_InheritanceMemory.vcxproj", "{CE47C10A-C446-47E9-9074-B6D6C9EE67A4}"
EndProject
Project("{2150E333-8FDC-42A3-9474-1A3956D46DE8}") = "94_Pea", "94_Pea", "{D0F5DD65-8EBC-4565-9D7F-68B5D1B9EB1F}"
EndProject
Project("{8BC9CEB8-8B4A-11D0-8D11-00A0C91BC942}") = "059_AClassDefault", "059_AClassDefault\059_AClassDefault.vcxproj", "{4B63399C-19A2-4461-9E9E-AB7159B5A537}"
EndProject
Project("{8BC9CEB8-8B4A-11D0-8D11-00A0C91BC942}") = "061_VirtualSize", "061_VirtualSize\061_VirtualSize.vcxproj", "{FFCED944-26F5-4BE5-9EFB-F9B8E167D517}"
EndProject
Project("{8BC9CEB8-8B4A-11D0-8D11-00A0C91BC942}") = "062_UpAndDownCasting", "062_UpAndDownCasting\062_UpAndDownCasting.vcxproj", "{2AFACB23-85C1-4553-B20A-F477574F5DE5}"
EndProject
Project("{8BC9CEB8-8B4A-11D0-8D11-00A0C91BC942}") = "063_VPtr", "063_VPtr\063_VPtr.vcxproj", "{7B7EEB89-A6B5-43C6-9EEB-E16B1CB9DB11}"
EndProject
Project("{8BC9CEB8-8B4A-11D0-8D11-00A0C91BC942}") = "064_Heap01", "064_Heap01\064_Heap01.vcxproj", "{3302C65F-85A8-4F4F-B6A9-475FAF1D66E9}"
EndProject
Project("{8BC9CEB8-8B4A-11D0-8D11-00A0C91BC942}") = "065_DeleteHeap", "065_DeleteHeap\065_DeleteHeap.vcxproj", "{99F4F259-840A-452F-A6D9-43CACDE89123}"
EndProject
Project("{8BC9CEB8-8B4A-11D0-8D11-00A0C91BC942}") = "ClassDefault", "ClassDefault\ClassDefault.vcxproj", "{A42F839E-2B57-4EEA-9327-5BB2550A6F2F}"
EndProject
Project("{8BC9CEB8-8B4A-11D0-8D11-00A0C91BC942}") = "066_ArrayHeap", "066_ArrayHeap\066_ArrayHeap.vcxproj", "{4C00AFE0-51DE-4C1B-8A40-7D1FB9B696B9}"
EndProject
Project("{8BC9CEB8-8B4A-11D0-8D11-00A0C91BC942}") = "067_Template", "067_Template\067_Template.vcxproj", "{3D0313F1-A166-42B9-8665-FD9B8208FF60}"
EndProject
Project("{8BC9CEB8-8B4A-11D0-8D11-00A0C91BC942}") = "070_Define", "070_Define\070_Define.vcxproj", "{8F287815-2A3C-4F16-8279-47C9B39FB728}"
EndProject
Project("{2150E333-8FDC-42A3-9474-1A3956D46DE8}") = "00_Base", "00_Base", "{9063EB09-6BF4-48C1-9649-200D7100CEEA}"
EndProject
Project("{8BC9CEB8-8B4A-11D0-8D11-00A0C91BC942}") = "GameEngineBase", "GameEngineBase\GameEngineBase.vcxproj", "{76A80769-E155-49AD-A0E1-FBA8D347D5F0}"
EndProject
Project("{8BC9CEB8-8B4A-11D0-8D11-00A0C91BC942}") = "068_DeepCopyAndShollowCopy", "068_DeepCopyAndShollowCopy\068_DeepCopyAndShollowCopy.vcxproj", "{8D0AE39A-1CF2-4942-AC28-1AA475A8095E}"
EndProject
Project("{8BC9CEB8-8B4A-11D0-8D11-00A0C91BC942}") = "069_Assert", "069_Assert\069_Assert.vcxproj", "{9F50A54D-23C9-436E-B033-91A2F77AD260}"
EndProject
Project("{8BC9CEB8-8B4A-11D0-8D11-00A0C91BC942}") = "GameEngineConsole", "GameEngineConsole\GameEngineConsole.vcxproj", "{3E1727DA-0AB6-4AA4-9086-CAB9BF80ED51}"
EndProject
Project("{2150E333-8FDC-42A3-9474-1A3956D46DE8}") = "01_DataStruct", "01_DataStruct", "{57D106D2-54D0-4CDD-B7B3-266B5F73D44B}"
	ProjectSection(SolutionItems) = preProject
		STL.txt = STL.txt
	EndProjectSection
EndProject
Project("{8BC9CEB8-8B4A-11D0-8D11-00A0C91BC942}") = "ConsoleGameArray", "ConsoleGameArray\ConsoleGameArray.vcxproj", "{FF00B651-7EF7-423D-BDAC-FAACF66B3388}"
EndProject
Project("{8BC9CEB8-8B4A-11D0-8D11-00A0C91BC942}") = "072_Enum", "072_Enum\072_Enum.vcxproj", "{F99853C3-68CD-48B0-8973-6A6E456206FF}"
EndProject
Project("{8BC9CEB8-8B4A-11D0-8D11-00A0C91BC942}") = "071_ClassNew", "071_ClassNew\071_ClassNew.vcxproj", "{E4FD2C82-6A54-43C9-91D2-2FD98F495958}"
EndProject
Project("{2150E333-8FDC-42A3-9474-1A3956D46DE8}") = "99_Grammer", "99_Grammer", "{762EA5AF-9CAE-44B9-9ED1-5A9324573456}"
EndProject
Project("{8BC9CEB8-8B4A-11D0-8D11-00A0C91BC942}") = "Homework0410", "Homework\Homework.vcxproj", "{6188AD5D-CE92-4AA1-888A-F4CE33B76721}"
EndProject
Project("{8BC9CEB8-8B4A-11D0-8D11-00A0C91BC942}") = "GameEngineNode", "GameEngineNode\GameEngineNode.vcxproj", "{4A9CB560-42C0-41FF-B15B-E0BDA9674AA8}"
EndProject
Project("{8BC9CEB8-8B4A-11D0-8D11-00A0C91BC942}") = "GameEngineVector", "GameEngineVector\GameEngineVector.vcxproj", "{66BDBC3E-6EE5-4493-92AC-0D4DA1E72AFE}"
EndProject
Project("{8BC9CEB8-8B4A-11D0-8D11-00A0C91BC942}") = "GameEngineList", "GameEngineList\GameEngineList.vcxproj", "{BDA30BFB-BFA6-4B2C-B126-99190ECD6404}"
EndProject
Project("{8BC9CEB8-8B4A-11D0-8D11-00A0C91BC942}") = "073_innerClass", "073_innerClass\073_innerClass.vcxproj", "{BE45B455-C7C0-4A9A-89FF-D08B19A42BA5}"
EndProject
Project("{8BC9CEB8-8B4A-11D0-8D11-00A0C91BC942}") = "074_Friend", "074_Friend\074_Friend.vcxproj", "{3B374338-9B84-491F-9ECE-2A5BB2E425A4}"
EndProject
Project("{8BC9CEB8-8B4A-11D0-8D11-00A0C91BC942}") = "SnakeGame0414", "Homework0414\Homework0414.vcxproj", "{EE2BBC89-1762-48B2-A228-6A523FAE0B03}"
EndProject
Project("{8BC9CEB8-8B4A-11D0-8D11-00A0C91BC942}") = "075_recursiveFunction", "075_recursiveFunction\075_recursiveFunction.vcxproj", "{21F5DB59-4E04-41A0-BA44-A430025113AC}"
EndProject
Project("{8BC9CEB8-8B4A-11D0-8D11-00A0C91BC942}") = "076_MyCout", "076_MyCout\076_MyCout.vcxproj", "{5A12CB5B-CBB6-49B8-A487-05BF0CEFC024}"
EndProject
Project("{8BC9CEB8-8B4A-11D0-8D11-00A0C91BC942}") = "077_Cast", "077_Cast\077_Cast.vcxproj", "{E67E414A-FCE2-46CC-92D5-3753F554EDCF}"
EndProject
Project("{8BC9CEB8-8B4A-11D0-8D11-00A0C91BC942}") = "078_BitTest", "078_BitTest\078_BitTest.vcxproj", "{5F1E2099-2F78-4007-84F9-BE3038207DEC}"
EndProject
Project("{8BC9CEB8-8B4A-11D0-8D11-00A0C91BC942}") = "RValueRef", "RValueRef\RValueRef.vcxproj", "{95217018-CFF3-47D8-9A63-29FA28792990}"
EndProject
Project("{8BC9CEB8-8B4A-11D0-8D11-00A0C91BC942}") = "stdString", "stdString\stdString.vcxproj", "{C22F42C6-0DC3-4E76-9EF0-7D76B4EEF99D}"
EndProject
Project("{8BC9CEB8-8B4A-11D0-8D11-00A0C91BC942}") = "GameEngineMap", "GameEngineMap\GameEngineMap.vcxproj", "{620DF2FB-E6F1-4469-BF2D-75BA028F569D}"
EndProject
Project("{8BC9CEB8-8B4A-11D0-8D11-00A0C91BC942}") = "079_MainParameter", "079_MainParameter\079_MainParameter.vcxproj", "{47819EB2-0177-4DE6-A188-B3A2CCCE2F7F}"
EndProject
Project("{8BC9CEB8-8B4A-11D0-8D11-00A0C91BC942}") = "080_TypeDefEx", "080_TypeDefEx\080_TypeDefEx.vcxproj", "{6C783892-1731-46A6-8D72-AAB1E91B6F67}"
EndProject
Project("{8BC9CEB8-8B4A-11D0-8D11-00A0C91BC942}") = "Homework0413", "Homework0413\Homework0413.vcxproj", "{B4BF80FD-EF3F-4669-9044-2C05EBBFA926}"
EndProject
Project("{8BC9CEB8-8B4A-11D0-8D11-00A0C91BC942}") = "081_FunctionCallType", "081_FunctionCallType\081_FunctionCallType.vcxproj", "{31E772C3-BCBF-41EF-B486-9BCDE85CE479}"
EndProject
Project("{8BC9CEB8-8B4A-11D0-8D11-00A0C91BC942}") = "082_LocalStaticValue", "082_LocalStaticValue\082_LocalStaticValue.vcxproj", "{5E58C3C9-BF65-4E64-BB1E-EAC85CB3CC42}"
EndProject
Project("{8BC9CEB8-8B4A-11D0-8D11-00A0C91BC942}") = "083_TemplateEx", "083_TemplateEx\083_TemplateEx.vcxproj", "{02472208-F99D-492A-802F-A357F9F3B913}"
EndProject
Project("{8BC9CEB8-8B4A-11D0-8D11-00A0C91BC942}") = "084_DefaultParameter", "084_DefaultParameter\084_DefaultParameter.vcxproj", "{BB59630D-A952-4F91-AD89-2A72010C4508}"
EndProject
Project("{8BC9CEB8-8B4A-11D0-8D11-00A0C91BC942}") = "GameEngineMapEx", "GameEngineMapEx\GameEngineMapEx.vcxproj", "{B66C5424-4F65-4CA5-9A32-13AC186E8738}"
EndProject
Project("{8BC9CEB8-8B4A-11D0-8D11-00A0C91BC942}") = "085_float", "085_float\085_float.vcxproj", "{1F08B7CE-2654-41FF-B158-9F8A64DE8D9C}"
EndProject
Project("{8BC9CEB8-8B4A-11D0-8D11-00A0C91BC942}") = "086_UnionAndDataPadding", "086_UnionAndDataPadding\086_UnionAndDataPadding.vcxproj", "{3A072603-0233-4F89-A7E8-0CD24F48C44B}"
EndProject
Global
	GlobalSection(SolutionConfigurationPlatforms) = preSolution
		Debug|x64 = Debug|x64
		Debug|x86 = Debug|x86
		Release|x64 = Release|x64
		Release|x86 = Release|x86
	EndGlobalSection
	GlobalSection(ProjectConfigurationPlatforms) = postSolution
		{F8DD73B6-5115-4B56-ADAA-B15AAC372D10}.Debug|x64.ActiveCfg = Debug|x64
		{F8DD73B6-5115-4B56-ADAA-B15AAC372D10}.Debug|x64.Build.0 = Debug|x64
		{F8DD73B6-5115-4B56-ADAA-B15AAC372D10}.Debug|x86.ActiveCfg = Debug|Win32
		{F8DD73B6-5115-4B56-ADAA-B15AAC372D10}.Debug|x86.Build.0 = Debug|Win32
		{F8DD73B6-5115-4B56-ADAA-B15AAC372D10}.Release|x64.ActiveCfg = Release|x64
		{F8DD73B6-5115-4B56-ADAA-B15AAC372D10}.Release|x64.Build.0 = Release|x64
		{F8DD73B6-5115-4B56-ADAA-B15AAC372D10}.Release|x86.ActiveCfg = Release|Win32
		{F8DD73B6-5115-4B56-ADAA-B15AAC372D10}.Release|x86.Build.0 = Release|Win32
		{DC50827A-77EE-4C99-A0DB-0F3AA5EA6BC4}.Debug|x64.ActiveCfg = Debug|x64
		{DC50827A-77EE-4C99-A0DB-0F3AA5EA6BC4}.Debug|x64.Build.0 = Debug|x64
		{DC50827A-77EE-4C99-A0DB-0F3AA5EA6BC4}.Debug|x86.ActiveCfg = Debug|Win32
		{DC50827A-77EE-4C99-A0DB-0F3AA5EA6BC4}.Debug|x86.Build.0 = Debug|Win32
		{DC50827A-77EE-4C99-A0DB-0F3AA5EA6BC4}.Release|x64.ActiveCfg = Release|x64
		{DC50827A-77EE-4C99-A0DB-0F3AA5EA6BC4}.Release|x64.Build.0 = Release|x64
		{DC50827A-77EE-4C99-A0DB-0F3AA5EA6BC4}.Release|x86.ActiveCfg = Release|Win32
		{DC50827A-77EE-4C99-A0DB-0F3AA5EA6BC4}.Release|x86.Build.0 = Release|Win32
		{63A31AF0-C4E8-4A67-B7F3-2830DE6F8DBC}.Debug|x64.ActiveCfg = Debug|x64
		{63A31AF0-C4E8-4A67-B7F3-2830DE6F8DBC}.Debug|x64.Build.0 = Debug|x64
		{63A31AF0-C4E8-4A67-B7F3-2830DE6F8DBC}.Debug|x86.ActiveCfg = Debug|Win32
		{63A31AF0-C4E8-4A67-B7F3-2830DE6F8DBC}.Debug|x86.Build.0 = Debug|Win32
		{63A31AF0-C4E8-4A67-B7F3-2830DE6F8DBC}.Release|x64.ActiveCfg = Release|x64
		{63A31AF0-C4E8-4A67-B7F3-2830DE6F8DBC}.Release|x64.Build.0 = Release|x64
		{63A31AF0-C4E8-4A67-B7F3-2830DE6F8DBC}.Release|x86.ActiveCfg = Release|Win32
		{63A31AF0-C4E8-4A67-B7F3-2830DE6F8DBC}.Release|x86.Build.0 = Release|Win32
		{87CB953B-A2D3-4B78-BEFA-DCAA649AA0B7}.Debug|x64.ActiveCfg = Debug|x64
		{87CB953B-A2D3-4B78-BEFA-DCAA649AA0B7}.Debug|x64.Build.0 = Debug|x64
		{87CB953B-A2D3-4B78-BEFA-DCAA649AA0B7}.Debug|x86.ActiveCfg = Debug|Win32
		{87CB953B-A2D3-4B78-BEFA-DCAA649AA0B7}.Debug|x86.Build.0 = Debug|Win32
		{87CB953B-A2D3-4B78-BEFA-DCAA649AA0B7}.Release|x64.ActiveCfg = Release|x64
		{87CB953B-A2D3-4B78-BEFA-DCAA649AA0B7}.Release|x64.Build.0 = Release|x64
		{87CB953B-A2D3-4B78-BEFA-DCAA649AA0B7}.Release|x86.ActiveCfg = Release|Win32
		{87CB953B-A2D3-4B78-BEFA-DCAA649AA0B7}.Release|x86.Build.0 = Release|Win32
		{C56860C2-9759-4D5E-A96A-CB9CC5FB44CE}.Debug|x64.ActiveCfg = Debug|x64
		{C56860C2-9759-4D5E-A96A-CB9CC5FB44CE}.Debug|x64.Build.0 = Debug|x64
		{C56860C2-9759-4D5E-A96A-CB9CC5FB44CE}.Debug|x86.ActiveCfg = Debug|Win32
		{C56860C2-9759-4D5E-A96A-CB9CC5FB44CE}.Debug|x86.Build.0 = Debug|Win32
		{C56860C2-9759-4D5E-A96A-CB9CC5FB44CE}.Release|x64.ActiveCfg = Release|x64
		{C56860C2-9759-4D5E-A96A-CB9CC5FB44CE}.Release|x64.Build.0 = Release|x64
		{C56860C2-9759-4D5E-A96A-CB9CC5FB44CE}.Release|x86.ActiveCfg = Release|Win32
		{C56860C2-9759-4D5E-A96A-CB9CC5FB44CE}.Release|x86.Build.0 = Release|Win32
		{8EA49800-FBB8-4FDB-9942-B8F63800BE94}.Debug|x64.ActiveCfg = Debug|x64
		{8EA49800-FBB8-4FDB-9942-B8F63800BE94}.Debug|x64.Build.0 = Debug|x64
		{8EA49800-FBB8-4FDB-9942-B8F63800BE94}.Debug|x86.ActiveCfg = Debug|Win32
		{8EA49800-FBB8-4FDB-9942-B8F63800BE94}.Debug|x86.Build.0 = Debug|Win32
		{8EA49800-FBB8-4FDB-9942-B8F63800BE94}.Release|x64.ActiveCfg = Release|x64
		{8EA49800-FBB8-4FDB-9942-B8F63800BE94}.Release|x64.Build.0 = Release|x64
		{8EA49800-FBB8-4FDB-9942-B8F63800BE94}.Release|x86.ActiveCfg = Release|Win32
		{8EA49800-FBB8-4FDB-9942-B8F63800BE94}.Release|x86.Build.0 = Release|Win32
		{3EDDDD48-D884-4F79-A220-A846B9EC5361}.Debug|x64.ActiveCfg = Debug|x64
		{3EDDDD48-D884-4F79-A220-A846B9EC5361}.Debug|x64.Build.0 = Debug|x64
		{3EDDDD48-D884-4F79-A220-A846B9EC5361}.Debug|x86.ActiveCfg = Debug|Win32
		{3EDDDD48-D884-4F79-A220-A846B9EC5361}.Debug|x86.Build.0 = Debug|Win32
		{3EDDDD48-D884-4F79-A220-A846B9EC5361}.Release|x64.ActiveCfg = Release|x64
		{3EDDDD48-D884-4F79-A220-A846B9EC5361}.Release|x64.Build.0 = Release|x64
		{3EDDDD48-D884-4F79-A220-A846B9EC5361}.Release|x86.ActiveCfg = Release|Win32
		{3EDDDD48-D884-4F79-A220-A846B9EC5361}.Release|x86.Build.0 = Release|Win32
		{BFB416F6-0B5D-41F0-B616-0EFF8B29B8AD}.Debug|x64.ActiveCfg = Debug|x64
		{BFB416F6-0B5D-41F0-B616-0EFF8B29B8AD}.Debug|x64.Build.0 = Debug|x64
		{BFB416F6-0B5D-41F0-B616-0EFF8B29B8AD}.Debug|x86.ActiveCfg = Debug|Win32
		{BFB416F6-0B5D-41F0-B616-0EFF8B29B8AD}.Debug|x86.Build.0 = Debug|Win32
		{BFB416F6-0B5D-41F0-B616-0EFF8B29B8AD}.Release|x64.ActiveCfg = Release|x64
		{BFB416F6-0B5D-41F0-B616-0EFF8B29B8AD}.Release|x64.Build.0 = Release|x64
		{BFB416F6-0B5D-41F0-B616-0EFF8B29B8AD}.Release|x86.ActiveCfg = Release|Win32
		{BFB416F6-0B5D-41F0-B616-0EFF8B29B8AD}.Release|x86.Build.0 = Release|Win32
		{732F3C1A-641B-4991-B7A1-76044093951F}.Debug|x64.ActiveCfg = Debug|x64
		{732F3C1A-641B-4991-B7A1-76044093951F}.Debug|x64.Build.0 = Debug|x64
		{732F3C1A-641B-4991-B7A1-76044093951F}.Debug|x86.ActiveCfg = Debug|Win32
		{732F3C1A-641B-4991-B7A1-76044093951F}.Debug|x86.Build.0 = Debug|Win32
		{732F3C1A-641B-4991-B7A1-76044093951F}.Release|x64.ActiveCfg = Release|x64
		{732F3C1A-641B-4991-B7A1-76044093951F}.Release|x64.Build.0 = Release|x64
		{732F3C1A-641B-4991-B7A1-76044093951F}.Release|x86.ActiveCfg = Release|Win32
		{732F3C1A-641B-4991-B7A1-76044093951F}.Release|x86.Build.0 = Release|Win32
		{532B9C5B-7E56-4205-B3D2-D147D317C591}.Debug|x64.ActiveCfg = Debug|x64
		{532B9C5B-7E56-4205-B3D2-D147D317C591}.Debug|x64.Build.0 = Debug|x64
		{532B9C5B-7E56-4205-B3D2-D147D317C591}.Debug|x86.ActiveCfg = Debug|Win32
		{532B9C5B-7E56-4205-B3D2-D147D317C591}.Debug|x86.Build.0 = Debug|Win32
		{532B9C5B-7E56-4205-B3D2-D147D317C591}.Release|x64.ActiveCfg = Release|x64
		{532B9C5B-7E56-4205-B3D2-D147D317C591}.Release|x64.Build.0 = Release|x64
		{532B9C5B-7E56-4205-B3D2-D147D317C591}.Release|x86.ActiveCfg = Release|Win32
		{532B9C5B-7E56-4205-B3D2-D147D317C591}.Release|x86.Build.0 = Release|Win32
		{D929B3CD-4AB5-4E35-978F-8C7663CDAFB6}.Debug|x64.ActiveCfg = Debug|x64
		{D929B3CD-4AB5-4E35-978F-8C7663CDAFB6}.Debug|x64.Build.0 = Debug|x64
		{D929B3CD-4AB5-4E35-978F-8C7663CDAFB6}.Debug|x86.ActiveCfg = Debug|Win32
		{D929B3CD-4AB5-4E35-978F-8C7663CDAFB6}.Debug|x86.Build.0 = Debug|Win32
		{D929B3CD-4AB5-4E35-978F-8C7663CDAFB6}.Release|x64.ActiveCfg = Release|x64
		{D929B3CD-4AB5-4E35-978F-8C7663CDAFB6}.Release|x64.Build.0 = Release|x64
		{D929B3CD-4AB5-4E35-978F-8C7663CDAFB6}.Release|x86.ActiveCfg = Release|Win32
		{D929B3CD-4AB5-4E35-978F-8C7663CDAFB6}.Release|x86.Build.0 = Release|Win32
		{F5AFBA25-2C5A-4626-AB8B-752B69DBA23A}.Debug|x64.ActiveCfg = Debug|x64
		{F5AFBA25-2C5A-4626-AB8B-752B69DBA23A}.Debug|x64.Build.0 = Debug|x64
		{F5AFBA25-2C5A-4626-AB8B-752B69DBA23A}.Debug|x86.ActiveCfg = Debug|Win32
		{F5AFBA25-2C5A-4626-AB8B-752B69DBA23A}.Debug|x86.Build.0 = Debug|Win32
		{F5AFBA25-2C5A-4626-AB8B-752B69DBA23A}.Release|x64.ActiveCfg = Release|x64
		{F5AFBA25-2C5A-4626-AB8B-752B69DBA23A}.Release|x64.Build.0 = Release|x64
		{F5AFBA25-2C5A-4626-AB8B-752B69DBA23A}.Release|x86.ActiveCfg = Release|Win32
		{F5AFBA25-2C5A-4626-AB8B-752B69DBA23A}.Release|x86.Build.0 = Release|Win32
		{BF7BB5C0-103E-4F6C-A137-1CA110905941}.Debug|x64.ActiveCfg = Debug|x64
		{BF7BB5C0-103E-4F6C-A137-1CA110905941}.Debug|x64.Build.0 = Debug|x64
		{BF7BB5C0-103E-4F6C-A137-1CA110905941}.Debug|x86.ActiveCfg = Debug|Win32
		{BF7BB5C0-103E-4F6C-A137-1CA110905941}.Debug|x86.Build.0 = Debug|Win32
		{BF7BB5C0-103E-4F6C-A137-1CA110905941}.Release|x64.ActiveCfg = Release|x64
		{BF7BB5C0-103E-4F6C-A137-1CA110905941}.Release|x64.Build.0 = Release|x64
		{BF7BB5C0-103E-4F6C-A137-1CA110905941}.Release|x86.ActiveCfg = Release|Win32
		{BF7BB5C0-103E-4F6C-A137-1CA110905941}.Release|x86.Build.0 = Release|Win32
		{F8E5ED72-C13E-443D-8B64-0CE4FA826D46}.Debug|x64.ActiveCfg = Debug|x64
		{F8E5ED72-C13E-443D-8B64-0CE4FA826D46}.Debug|x64.Build.0 = Debug|x64
		{F8E5ED72-C13E-443D-8B64-0CE4FA826D46}.Debug|x86.ActiveCfg = Debug|Win32
		{F8E5ED72-C13E-443D-8B64-0CE4FA826D46}.Debug|x86.Build.0 = Debug|Win32
		{F8E5ED72-C13E-443D-8B64-0CE4FA826D46}.Release|x64.ActiveCfg = Release|x64
		{F8E5ED72-C13E-443D-8B64-0CE4FA826D46}.Release|x64.Build.0 = Release|x64
		{F8E5ED72-C13E-443D-8B64-0CE4FA826D46}.Release|x86.ActiveCfg = Release|Win32
		{F8E5ED72-C13E-443D-8B64-0CE4FA826D46}.Release|x86.Build.0 = Release|Win32
		{40793F63-0D77-4A4A-9DC3-3CEA86B2881B}.Debug|x64.ActiveCfg = Debug|x64
		{40793F63-0D77-4A4A-9DC3-3CEA86B2881B}.Debug|x64.Build.0 = Debug|x64
		{40793F63-0D77-4A4A-9DC3-3CEA86B2881B}.Debug|x86.ActiveCfg = Debug|Win32
		{40793F63-0D77-4A4A-9DC3-3CEA86B2881B}.Debug|x86.Build.0 = Debug|Win32
		{40793F63-0D77-4A4A-9DC3-3CEA86B2881B}.Release|x64.ActiveCfg = Release|x64
		{40793F63-0D77-4A4A-9DC3-3CEA86B2881B}.Release|x64.Build.0 = Release|x64
		{40793F63-0D77-4A4A-9DC3-3CEA86B2881B}.Release|x86.ActiveCfg = Release|Win32
		{40793F63-0D77-4A4A-9DC3-3CEA86B2881B}.Release|x86.Build.0 = Release|Win32
		{27082228-AC79-44C8-A2C3-4ED1F261A819}.Debug|x64.ActiveCfg = Debug|x64
		{27082228-AC79-44C8-A2C3-4ED1F261A819}.Debug|x64.Build.0 = Debug|x64
		{27082228-AC79-44C8-A2C3-4ED1F261A819}.Debug|x86.ActiveCfg = Debug|Win32
		{27082228-AC79-44C8-A2C3-4ED1F261A819}.Debug|x86.Build.0 = Debug|Win32
		{27082228-AC79-44C8-A2C3-4ED1F261A819}.Release|x64.ActiveCfg = Release|x64
		{27082228-AC79-44C8-A2C3-4ED1F261A819}.Release|x64.Build.0 = Release|x64
		{27082228-AC79-44C8-A2C3-4ED1F261A819}.Release|x86.ActiveCfg = Release|Win32
		{27082228-AC79-44C8-A2C3-4ED1F261A819}.Release|x86.Build.0 = Release|Win32
		{833A54A8-62C7-46BD-B414-3D91EF165877}.Debug|x64.ActiveCfg = Debug|x64
		{833A54A8-62C7-46BD-B414-3D91EF165877}.Debug|x64.Build.0 = Debug|x64
		{833A54A8-62C7-46BD-B414-3D91EF165877}.Debug|x86.ActiveCfg = Debug|Win32
		{833A54A8-62C7-46BD-B414-3D91EF165877}.Debug|x86.Build.0 = Debug|Win32
		{833A54A8-62C7-46BD-B414-3D91EF165877}.Release|x64.ActiveCfg = Release|x64
		{833A54A8-62C7-46BD-B414-3D91EF165877}.Release|x64.Build.0 = Release|x64
		{833A54A8-62C7-46BD-B414-3D91EF165877}.Release|x86.ActiveCfg = Release|Win32
		{833A54A8-62C7-46BD-B414-3D91EF165877}.Release|x86.Build.0 = Release|Win32
		{5D0E883C-E9CE-40B9-AC9A-A613EC2D3F58}.Debug|x64.ActiveCfg = Debug|x64
		{5D0E883C-E9CE-40B9-AC9A-A613EC2D3F58}.Debug|x64.Build.0 = Debug|x64
		{5D0E883C-E9CE-40B9-AC9A-A613EC2D3F58}.Debug|x86.ActiveCfg = Debug|Win32
		{5D0E883C-E9CE-40B9-AC9A-A613EC2D3F58}.Debug|x86.Build.0 = Debug|Win32
		{5D0E883C-E9CE-40B9-AC9A-A613EC2D3F58}.Release|x64.ActiveCfg = Release|x64
		{5D0E883C-E9CE-40B9-AC9A-A613EC2D3F58}.Release|x64.Build.0 = Release|x64
		{5D0E883C-E9CE-40B9-AC9A-A613EC2D3F58}.Release|x86.ActiveCfg = Release|Win32
		{5D0E883C-E9CE-40B9-AC9A-A613EC2D3F58}.Release|x86.Build.0 = Release|Win32
		{B8CB1997-74A4-40AC-9E83-920B5BB581BC}.Debug|x64.ActiveCfg = Debug|x64
		{B8CB1997-74A4-40AC-9E83-920B5BB581BC}.Debug|x64.Build.0 = Debug|x64
		{B8CB1997-74A4-40AC-9E83-920B5BB581BC}.Debug|x86.ActiveCfg = Debug|Win32
		{B8CB1997-74A4-40AC-9E83-920B5BB581BC}.Debug|x86.Build.0 = Debug|Win32
		{B8CB1997-74A4-40AC-9E83-920B5BB581BC}.Release|x64.ActiveCfg = Release|x64
		{B8CB1997-74A4-40AC-9E83-920B5BB581BC}.Release|x64.Build.0 = Release|x64
		{B8CB1997-74A4-40AC-9E83-920B5BB581BC}.Release|x86.ActiveCfg = Release|Win32
		{B8CB1997-74A4-40AC-9E83-920B5BB581BC}.Release|x86.Build.0 = Release|Win32
		{A890CCDB-1897-4D12-AC8E-199F21311FA9}.Debug|x64.ActiveCfg = Debug|x64
		{A890CCDB-1897-4D12-AC8E-199F21311FA9}.Debug|x64.Build.0 = Debug|x64
		{A890CCDB-1897-4D12-AC8E-199F21311FA9}.Debug|x86.ActiveCfg = Debug|Win32
		{A890CCDB-1897-4D12-AC8E-199F21311FA9}.Debug|x86.Build.0 = Debug|Win32
		{A890CCDB-1897-4D12-AC8E-199F21311FA9}.Release|x64.ActiveCfg = Release|x64
		{A890CCDB-1897-4D12-AC8E-199F21311FA9}.Release|x64.Build.0 = Release|x64
		{A890CCDB-1897-4D12-AC8E-199F21311FA9}.Release|x86.ActiveCfg = Release|Win32
		{A890CCDB-1897-4D12-AC8E-199F21311FA9}.Release|x86.Build.0 = Release|Win32
		{96E4A3FD-6B87-4EED-B10B-45D307421783}.Debug|x64.ActiveCfg = Debug|x64
		{96E4A3FD-6B87-4EED-B10B-45D307421783}.Debug|x64.Build.0 = Debug|x64
		{96E4A3FD-6B87-4EED-B10B-45D307421783}.Debug|x86.ActiveCfg = Debug|Win32
		{96E4A3FD-6B87-4EED-B10B-45D307421783}.Debug|x86.Build.0 = Debug|Win32
		{96E4A3FD-6B87-4EED-B10B-45D307421783}.Release|x64.ActiveCfg = Release|x64
		{96E4A3FD-6B87-4EED-B10B-45D307421783}.Release|x64.Build.0 = Release|x64
		{96E4A3FD-6B87-4EED-B10B-45D307421783}.Release|x86.ActiveCfg = Release|Win32
		{96E4A3FD-6B87-4EED-B10B-45D307421783}.Release|x86.Build.0 = Release|Win32
		{368C4DA3-11E6-4535-B99F-5F5D5F9850E3}.Debug|x64.ActiveCfg = Debug|x64
		{368C4DA3-11E6-4535-B99F-5F5D5F9850E3}.Debug|x64.Build.0 = Debug|x64
		{368C4DA3-11E6-4535-B99F-5F5D5F9850E3}.Debug|x86.ActiveCfg = Debug|Win32
		{368C4DA3-11E6-4535-B99F-5F5D5F9850E3}.Debug|x86.Build.0 = Debug|Win32
		{368C4DA3-11E6-4535-B99F-5F5D5F9850E3}.Release|x64.ActiveCfg = Release|x64
		{368C4DA3-11E6-4535-B99F-5F5D5F9850E3}.Release|x64.Build.0 = Release|x64
		{368C4DA3-11E6-4535-B99F-5F5D5F9850E3}.Release|x86.ActiveCfg = Release|Win32
		{368C4DA3-11E6-4535-B99F-5F5D5F9850E3}.Release|x86.Build.0 = Release|Win32
		{CDBE6DEB-D026-48D0-A3EC-E932E3E52634}.Debug|x64.ActiveCfg = Debug|x64
		{CDBE6DEB-D026-48D0-A3EC-E932E3E52634}.Debug|x64.Build.0 = Debug|x64
		{CDBE6DEB-D026-48D0-A3EC-E932E3E52634}.Debug|x86.ActiveCfg = Debug|Win32
		{CDBE6DEB-D026-48D0-A3EC-E932E3E52634}.Debug|x86.Build.0 = Debug|Win32
		{CDBE6DEB-D026-48D0-A3EC-E932E3E52634}.Release|x64.ActiveCfg = Release|x64
		{CDBE6DEB-D026-48D0-A3EC-E932E3E52634}.Release|x64.Build.0 = Release|x64
		{CDBE6DEB-D026-48D0-A3EC-E932E3E52634}.Release|x86.ActiveCfg = Release|Win32
		{CDBE6DEB-D026-48D0-A3EC-E932E3E52634}.Release|x86.Build.0 = Release|Win32
		{F7FC8F85-55F4-4148-A47E-92357BEFB619}.Debug|x64.ActiveCfg = Debug|x64
		{F7FC8F85-55F4-4148-A47E-92357BEFB619}.Debug|x64.Build.0 = Debug|x64
		{F7FC8F85-55F4-4148-A47E-92357BEFB619}.Debug|x86.ActiveCfg = Debug|Win32
		{F7FC8F85-55F4-4148-A47E-92357BEFB619}.Debug|x86.Build.0 = Debug|Win32
		{F7FC8F85-55F4-4148-A47E-92357BEFB619}.Release|x64.ActiveCfg = Release|x64
		{F7FC8F85-55F4-4148-A47E-92357BEFB619}.Release|x64.Build.0 = Release|x64
		{F7FC8F85-55F4-4148-A47E-92357BEFB619}.Release|x86.ActiveCfg = Release|Win32
		{F7FC8F85-55F4-4148-A47E-92357BEFB619}.Release|x86.Build.0 = Release|Win32
		{CCC7053A-53EF-47B8-8146-133684555079}.Debug|x64.ActiveCfg = Debug|x64
		{CCC7053A-53EF-47B8-8146-133684555079}.Debug|x64.Build.0 = Debug|x64
		{CCC7053A-53EF-47B8-8146-133684555079}.Debug|x86.ActiveCfg = Debug|Win32
		{CCC7053A-53EF-47B8-8146-133684555079}.Debug|x86.Build.0 = Debug|Win32
		{CCC7053A-53EF-47B8-8146-133684555079}.Release|x64.ActiveCfg = Release|x64
		{CCC7053A-53EF-47B8-8146-133684555079}.Release|x64.Build.0 = Release|x64
		{CCC7053A-53EF-47B8-8146-133684555079}.Release|x86.ActiveCfg = Release|Win32
		{CCC7053A-53EF-47B8-8146-133684555079}.Release|x86.Build.0 = Release|Win32
		{E55E8535-3467-487B-9473-C671F236231B}.Debug|x64.ActiveCfg = Debug|x64
		{E55E8535-3467-487B-9473-C671F236231B}.Debug|x64.Build.0 = Debug|x64
		{E55E8535-3467-487B-9473-C671F236231B}.Debug|x86.ActiveCfg = Debug|Win32
		{E55E8535-3467-487B-9473-C671F236231B}.Debug|x86.Build.0 = Debug|Win32
		{E55E8535-3467-487B-9473-C671F236231B}.Release|x64.ActiveCfg = Release|x64
		{E55E8535-3467-487B-9473-C671F236231B}.Release|x64.Build.0 = Release|x64
		{E55E8535-3467-487B-9473-C671F236231B}.Release|x86.ActiveCfg = Release|Win32
		{E55E8535-3467-487B-9473-C671F236231B}.Release|x86.Build.0 = Release|Win32
		{C29FC28F-9AE3-43DD-A594-135617CED887}.Debug|x64.ActiveCfg = Debug|x64
		{C29FC28F-9AE3-43DD-A594-135617CED887}.Debug|x64.Build.0 = Debug|x64
		{C29FC28F-9AE3-43DD-A594-135617CED887}.Debug|x86.ActiveCfg = Debug|Win32
		{C29FC28F-9AE3-43DD-A594-135617CED887}.Debug|x86.Build.0 = Debug|Win32
		{C29FC28F-9AE3-43DD-A594-135617CED887}.Release|x64.ActiveCfg = Release|x64
		{C29FC28F-9AE3-43DD-A594-135617CED887}.Release|x64.Build.0 = Release|x64
		{C29FC28F-9AE3-43DD-A594-135617CED887}.Release|x86.ActiveCfg = Release|Win32
		{C29FC28F-9AE3-43DD-A594-135617CED887}.Release|x86.Build.0 = Release|Win32
		{7C6F11AF-EEE7-4E67-8F8B-A0EBB7AD6722}.Debug|x64.ActiveCfg = Debug|x64
		{7C6F11AF-EEE7-4E67-8F8B-A0EBB7AD6722}.Debug|x64.Build.0 = Debug|x64
		{7C6F11AF-EEE7-4E67-8F8B-A0EBB7AD6722}.Debug|x86.ActiveCfg = Debug|Win32
		{7C6F11AF-EEE7-4E67-8F8B-A0EBB7AD6722}.Debug|x86.Build.0 = Debug|Win32
		{7C6F11AF-EEE7-4E67-8F8B-A0EBB7AD6722}.Release|x64.ActiveCfg = Release|x64
		{7C6F11AF-EEE7-4E67-8F8B-A0EBB7AD6722}.Release|x64.Build.0 = Release|x64
		{7C6F11AF-EEE7-4E67-8F8B-A0EBB7AD6722}.Release|x86.ActiveCfg = Release|Win32
		{7C6F11AF-EEE7-4E67-8F8B-A0EBB7AD6722}.Release|x86.Build.0 = Release|Win32
		{677A648E-A8C9-490E-8A00-5B10A4615036}.Debug|x64.ActiveCfg = Debug|x64
		{677A648E-A8C9-490E-8A00-5B10A4615036}.Debug|x64.Build.0 = Debug|x64
		{677A648E-A8C9-490E-8A00-5B10A4615036}.Debug|x86.ActiveCfg = Debug|Win32
		{677A648E-A8C9-490E-8A00-5B10A4615036}.Debug|x86.Build.0 = Debug|Win32
		{677A648E-A8C9-490E-8A00-5B10A4615036}.Release|x64.ActiveCfg = Release|x64
		{677A648E-A8C9-490E-8A00-5B10A4615036}.Release|x64.Build.0 = Release|x64
		{677A648E-A8C9-490E-8A00-5B10A4615036}.Release|x86.ActiveCfg = Release|Win32
		{677A648E-A8C9-490E-8A00-5B10A4615036}.Release|x86.Build.0 = Release|Win32
		{8E393579-39AE-4DAF-9754-1F9D9DC0D463}.Debug|x64.ActiveCfg = Debug|x64
		{8E393579-39AE-4DAF-9754-1F9D9DC0D463}.Debug|x64.Build.0 = Debug|x64
		{8E393579-39AE-4DAF-9754-1F9D9DC0D463}.Debug|x86.ActiveCfg = Debug|Win32
		{8E393579-39AE-4DAF-9754-1F9D9DC0D463}.Debug|x86.Build.0 = Debug|Win32
		{8E393579-39AE-4DAF-9754-1F9D9DC0D463}.Release|x64.ActiveCfg = Release|x64
		{8E393579-39AE-4DAF-9754-1F9D9DC0D463}.Release|x64.Build.0 = Release|x64
		{8E393579-39AE-4DAF-9754-1F9D9DC0D463}.Release|x86.ActiveCfg = Release|Win32
		{8E393579-39AE-4DAF-9754-1F9D9DC0D463}.Release|x86.Build.0 = Release|Win32
		{123F65F0-3B9B-4015-9256-3124B3E3B5A8}.Debug|x64.ActiveCfg = Debug|x64
		{123F65F0-3B9B-4015-9256-3124B3E3B5A8}.Debug|x64.Build.0 = Debug|x64
		{123F65F0-3B9B-4015-9256-3124B3E3B5A8}.Debug|x86.ActiveCfg = Debug|Win32
		{123F65F0-3B9B-4015-9256-3124B3E3B5A8}.Debug|x86.Build.0 = Debug|Win32
		{123F65F0-3B9B-4015-9256-3124B3E3B5A8}.Release|x64.ActiveCfg = Release|x64
		{123F65F0-3B9B-4015-9256-3124B3E3B5A8}.Release|x64.Build.0 = Release|x64
		{123F65F0-3B9B-4015-9256-3124B3E3B5A8}.Release|x86.ActiveCfg = Release|Win32
		{123F65F0-3B9B-4015-9256-3124B3E3B5A8}.Release|x86.Build.0 = Release|Win32
		{007C03CA-53A9-4D32-A560-FAB961734609}.Debug|x64.ActiveCfg = Debug|x64
		{007C03CA-53A9-4D32-A560-FAB961734609}.Debug|x64.Build.0 = Debug|x64
		{007C03CA-53A9-4D32-A560-FAB961734609}.Debug|x86.ActiveCfg = Debug|Win32
		{007C03CA-53A9-4D32-A560-FAB961734609}.Debug|x86.Build.0 = Debug|Win32
		{007C03CA-53A9-4D32-A560-FAB961734609}.Release|x64.ActiveCfg = Release|x64
		{007C03CA-53A9-4D32-A560-FAB961734609}.Release|x64.Build.0 = Release|x64
		{007C03CA-53A9-4D32-A560-FAB961734609}.Release|x86.ActiveCfg = Release|Win32
		{007C03CA-53A9-4D32-A560-FAB961734609}.Release|x86.Build.0 = Release|Win32
		{3CEFBB79-1DD0-41A7-8621-380B4C0C7E21}.Debug|x64.ActiveCfg = Debug|x64
		{3CEFBB79-1DD0-41A7-8621-380B4C0C7E21}.Debug|x64.Build.0 = Debug|x64
		{3CEFBB79-1DD0-41A7-8621-380B4C0C7E21}.Debug|x86.ActiveCfg = Debug|Win32
		{3CEFBB79-1DD0-41A7-8621-380B4C0C7E21}.Debug|x86.Build.0 = Debug|Win32
		{3CEFBB79-1DD0-41A7-8621-380B4C0C7E21}.Release|x64.ActiveCfg = Release|x64
		{3CEFBB79-1DD0-41A7-8621-380B4C0C7E21}.Release|x64.Build.0 = Release|x64
		{3CEFBB79-1DD0-41A7-8621-380B4C0C7E21}.Release|x86.ActiveCfg = Release|Win32
		{3CEFBB79-1DD0-41A7-8621-380B4C0C7E21}.Release|x86.Build.0 = Release|Win32
		{682C8740-7C7A-4897-B95F-2C9055D642BA}.Debug|x64.ActiveCfg = Debug|x64
		{682C8740-7C7A-4897-B95F-2C9055D642BA}.Debug|x64.Build.0 = Debug|x64
		{682C8740-7C7A-4897-B95F-2C9055D642BA}.Debug|x86.ActiveCfg = Debug|Win32
		{682C8740-7C7A-4897-B95F-2C9055D642BA}.Debug|x86.Build.0 = Debug|Win32
		{682C8740-7C7A-4897-B95F-2C9055D642BA}.Release|x64.ActiveCfg = Release|x64
		{682C8740-7C7A-4897-B95F-2C9055D642BA}.Release|x64.Build.0 = Release|x64
		{682C8740-7C7A-4897-B95F-2C9055D642BA}.Release|x86.ActiveCfg = Release|Win32
		{682C8740-7C7A-4897-B95F-2C9055D642BA}.Release|x86.Build.0 = Release|Win32
		{BCB367C7-8F2E-4C8B-9EF2-9EF8FDAA9AC8}.Debug|x64.ActiveCfg = Debug|x64
		{BCB367C7-8F2E-4C8B-9EF2-9EF8FDAA9AC8}.Debug|x64.Build.0 = Debug|x64
		{BCB367C7-8F2E-4C8B-9EF2-9EF8FDAA9AC8}.Debug|x86.ActiveCfg = Debug|Win32
		{BCB367C7-8F2E-4C8B-9EF2-9EF8FDAA9AC8}.Debug|x86.Build.0 = Debug|Win32
		{BCB367C7-8F2E-4C8B-9EF2-9EF8FDAA9AC8}.Release|x64.ActiveCfg = Release|x64
		{BCB367C7-8F2E-4C8B-9EF2-9EF8FDAA9AC8}.Release|x64.Build.0 = Release|x64
		{BCB367C7-8F2E-4C8B-9EF2-9EF8FDAA9AC8}.Release|x86.ActiveCfg = Release|Win32
		{BCB367C7-8F2E-4C8B-9EF2-9EF8FDAA9AC8}.Release|x86.Build.0 = Release|Win32
		{572F104A-8B3C-4AA8-814F-F2D90CAA10EB}.Debug|x64.ActiveCfg = Debug|x64
		{572F104A-8B3C-4AA8-814F-F2D90CAA10EB}.Debug|x64.Build.0 = Debug|x64
		{572F104A-8B3C-4AA8-814F-F2D90CAA10EB}.Debug|x86.ActiveCfg = Debug|Win32
		{572F104A-8B3C-4AA8-814F-F2D90CAA10EB}.Debug|x86.Build.0 = Debug|Win32
		{572F104A-8B3C-4AA8-814F-F2D90CAA10EB}.Release|x64.ActiveCfg = Release|x64
		{572F104A-8B3C-4AA8-814F-F2D90CAA10EB}.Release|x64.Build.0 = Release|x64
		{572F104A-8B3C-4AA8-814F-F2D90CAA10EB}.Release|x86.ActiveCfg = Release|Win32
		{572F104A-8B3C-4AA8-814F-F2D90CAA10EB}.Release|x86.Build.0 = Release|Win32
		{80DAB642-A37A-4DBC-BCC3-2773227E5039}.Debug|x64.ActiveCfg = Debug|x64
		{80DAB642-A37A-4DBC-BCC3-2773227E5039}.Debug|x64.Build.0 = Debug|x64
		{80DAB642-A37A-4DBC-BCC3-2773227E5039}.Debug|x86.ActiveCfg = Debug|Win32
		{80DAB642-A37A-4DBC-BCC3-2773227E5039}.Debug|x86.Build.0 = Debug|Win32
		{80DAB642-A37A-4DBC-BCC3-2773227E5039}.Release|x64.ActiveCfg = Release|x64
		{80DAB642-A37A-4DBC-BCC3-2773227E5039}.Release|x64.Build.0 = Release|x64
		{80DAB642-A37A-4DBC-BCC3-2773227E5039}.Release|x86.ActiveCfg = Release|Win32
		{80DAB642-A37A-4DBC-BCC3-2773227E5039}.Release|x86.Build.0 = Release|Win32
		{9DE3CC0D-44E4-4D03-BE97-AB8B447EF766}.Debug|x64.ActiveCfg = Debug|x64
		{9DE3CC0D-44E4-4D03-BE97-AB8B447EF766}.Debug|x64.Build.0 = Debug|x64
		{9DE3CC0D-44E4-4D03-BE97-AB8B447EF766}.Debug|x86.ActiveCfg = Debug|Win32
		{9DE3CC0D-44E4-4D03-BE97-AB8B447EF766}.Debug|x86.Build.0 = Debug|Win32
		{9DE3CC0D-44E4-4D03-BE97-AB8B447EF766}.Release|x64.ActiveCfg = Release|x64
		{9DE3CC0D-44E4-4D03-BE97-AB8B447EF766}.Release|x64.Build.0 = Release|x64
		{9DE3CC0D-44E4-4D03-BE97-AB8B447EF766}.Release|x86.ActiveCfg = Release|Win32
		{9DE3CC0D-44E4-4D03-BE97-AB8B447EF766}.Release|x86.Build.0 = Release|Win32
		{E5BEE580-B15F-4CDA-A67A-CBE678FC3130}.Debug|x64.ActiveCfg = Debug|x64
		{E5BEE580-B15F-4CDA-A67A-CBE678FC3130}.Debug|x64.Build.0 = Debug|x64
		{E5BEE580-B15F-4CDA-A67A-CBE678FC3130}.Debug|x86.ActiveCfg = Debug|Win32
		{E5BEE580-B15F-4CDA-A67A-CBE678FC3130}.Debug|x86.Build.0 = Debug|Win32
		{E5BEE580-B15F-4CDA-A67A-CBE678FC3130}.Release|x64.ActiveCfg = Release|x64
		{E5BEE580-B15F-4CDA-A67A-CBE678FC3130}.Release|x64.Build.0 = Release|x64
		{E5BEE580-B15F-4CDA-A67A-CBE678FC3130}.Release|x86.ActiveCfg = Release|Win32
		{E5BEE580-B15F-4CDA-A67A-CBE678FC3130}.Release|x86.Build.0 = Release|Win32
		{5A6250C9-335B-4831-9262-A52F35B5ACA4}.Debug|x64.ActiveCfg = Debug|x64
		{5A6250C9-335B-4831-9262-A52F35B5ACA4}.Debug|x64.Build.0 = Debug|x64
		{5A6250C9-335B-4831-9262-A52F35B5ACA4}.Debug|x86.ActiveCfg = Debug|Win32
		{5A6250C9-335B-4831-9262-A52F35B5ACA4}.Debug|x86.Build.0 = Debug|Win32
		{5A6250C9-335B-4831-9262-A52F35B5ACA4}.Release|x64.ActiveCfg = Release|x64
		{5A6250C9-335B-4831-9262-A52F35B5ACA4}.Release|x64.Build.0 = Release|x64
		{5A6250C9-335B-4831-9262-A52F35B5ACA4}.Release|x86.ActiveCfg = Release|Win32
		{5A6250C9-335B-4831-9262-A52F35B5ACA4}.Release|x86.Build.0 = Release|Win32
		{C9CCAF53-E0A6-44B0-8EC6-4178AFEA8A29}.Debug|x64.ActiveCfg = Debug|x64
		{C9CCAF53-E0A6-44B0-8EC6-4178AFEA8A29}.Debug|x64.Build.0 = Debug|x64
		{C9CCAF53-E0A6-44B0-8EC6-4178AFEA8A29}.Debug|x86.ActiveCfg = Debug|Win32
		{C9CCAF53-E0A6-44B0-8EC6-4178AFEA8A29}.Debug|x86.Build.0 = Debug|Win32
		{C9CCAF53-E0A6-44B0-8EC6-4178AFEA8A29}.Release|x64.ActiveCfg = Release|x64
		{C9CCAF53-E0A6-44B0-8EC6-4178AFEA8A29}.Release|x64.Build.0 = Release|x64
		{C9CCAF53-E0A6-44B0-8EC6-4178AFEA8A29}.Release|x86.ActiveCfg = Release|Win32
		{C9CCAF53-E0A6-44B0-8EC6-4178AFEA8A29}.Release|x86.Build.0 = Release|Win32
		{0AC5B5C0-9B17-4C06-8DF3-A9E5FE922163}.Debug|x64.ActiveCfg = Debug|x64
		{0AC5B5C0-9B17-4C06-8DF3-A9E5FE922163}.Debug|x64.Build.0 = Debug|x64
		{0AC5B5C0-9B17-4C06-8DF3-A9E5FE922163}.Debug|x86.ActiveCfg = Debug|Win32
		{0AC5B5C0-9B17-4C06-8DF3-A9E5FE922163}.Debug|x86.Build.0 = Debug|Win32
		{0AC5B5C0-9B17-4C06-8DF3-A9E5FE922163}.Release|x64.ActiveCfg = Release|x64
		{0AC5B5C0-9B17-4C06-8DF3-A9E5FE922163}.Release|x64.Build.0 = Release|x64
		{0AC5B5C0-9B17-4C06-8DF3-A9E5FE922163}.Release|x86.ActiveCfg = Release|Win32
		{0AC5B5C0-9B17-4C06-8DF3-A9E5FE922163}.Release|x86.Build.0 = Release|Win32
		{195F7C02-B244-4CF7-AD19-9BA2E5BFB126}.Debug|x64.ActiveCfg = Debug|x64
		{195F7C02-B244-4CF7-AD19-9BA2E5BFB126}.Debug|x64.Build.0 = Debug|x64
		{195F7C02-B244-4CF7-AD19-9BA2E5BFB126}.Debug|x86.ActiveCfg = Debug|Win32
		{195F7C02-B244-4CF7-AD19-9BA2E5BFB126}.Debug|x86.Build.0 = Debug|Win32
		{195F7C02-B244-4CF7-AD19-9BA2E5BFB126}.Release|x64.ActiveCfg = Release|x64
		{195F7C02-B244-4CF7-AD19-9BA2E5BFB126}.Release|x64.Build.0 = Release|x64
		{195F7C02-B244-4CF7-AD19-9BA2E5BFB126}.Release|x86.ActiveCfg = Release|Win32
		{195F7C02-B244-4CF7-AD19-9BA2E5BFB126}.Release|x86.Build.0 = Release|Win32
		{2D9D211B-1BED-4A74-A505-FA80B58179EC}.Debug|x64.ActiveCfg = Debug|x64
		{2D9D211B-1BED-4A74-A505-FA80B58179EC}.Debug|x64.Build.0 = Debug|x64
		{2D9D211B-1BED-4A74-A505-FA80B58179EC}.Debug|x86.ActiveCfg = Debug|Win32
		{2D9D211B-1BED-4A74-A505-FA80B58179EC}.Debug|x86.Build.0 = Debug|Win32
		{2D9D211B-1BED-4A74-A505-FA80B58179EC}.Release|x64.ActiveCfg = Release|x64
		{2D9D211B-1BED-4A74-A505-FA80B58179EC}.Release|x64.Build.0 = Release|x64
		{2D9D211B-1BED-4A74-A505-FA80B58179EC}.Release|x86.ActiveCfg = Release|Win32
		{2D9D211B-1BED-4A74-A505-FA80B58179EC}.Release|x86.Build.0 = Release|Win32
		{7159855A-939F-4A2F-AC2A-DA0A8D040656}.Debug|x64.ActiveCfg = Debug|x64
		{7159855A-939F-4A2F-AC2A-DA0A8D040656}.Debug|x64.Build.0 = Debug|x64
		{7159855A-939F-4A2F-AC2A-DA0A8D040656}.Debug|x86.ActiveCfg = Debug|Win32
		{7159855A-939F-4A2F-AC2A-DA0A8D040656}.Debug|x86.Build.0 = Debug|Win32
		{7159855A-939F-4A2F-AC2A-DA0A8D040656}.Release|x64.ActiveCfg = Release|x64
		{7159855A-939F-4A2F-AC2A-DA0A8D040656}.Release|x64.Build.0 = Release|x64
		{7159855A-939F-4A2F-AC2A-DA0A8D040656}.Release|x86.ActiveCfg = Release|Win32
		{7159855A-939F-4A2F-AC2A-DA0A8D040656}.Release|x86.Build.0 = Release|Win32
		{D12C8D70-BCBB-486A-9776-1E112BC78667}.Debug|x64.ActiveCfg = Debug|x64
		{D12C8D70-BCBB-486A-9776-1E112BC78667}.Debug|x64.Build.0 = Debug|x64
		{D12C8D70-BCBB-486A-9776-1E112BC78667}.Debug|x86.ActiveCfg = Debug|Win32
		{D12C8D70-BCBB-486A-9776-1E112BC78667}.Debug|x86.Build.0 = Debug|Win32
		{D12C8D70-BCBB-486A-9776-1E112BC78667}.Release|x64.ActiveCfg = Release|x64
		{D12C8D70-BCBB-486A-9776-1E112BC78667}.Release|x64.Build.0 = Release|x64
		{D12C8D70-BCBB-486A-9776-1E112BC78667}.Release|x86.ActiveCfg = Release|Win32
		{D12C8D70-BCBB-486A-9776-1E112BC78667}.Release|x86.Build.0 = Release|Win32
		{60F76968-427D-4793-81F6-96D546176DD2}.Debug|x64.ActiveCfg = Debug|x64
		{60F76968-427D-4793-81F6-96D546176DD2}.Debug|x64.Build.0 = Debug|x64
		{60F76968-427D-4793-81F6-96D546176DD2}.Debug|x86.ActiveCfg = Debug|Win32
		{60F76968-427D-4793-81F6-96D546176DD2}.Debug|x86.Build.0 = Debug|Win32
		{60F76968-427D-4793-81F6-96D546176DD2}.Release|x64.ActiveCfg = Release|x64
		{60F76968-427D-4793-81F6-96D546176DD2}.Release|x64.Build.0 = Release|x64
		{60F76968-427D-4793-81F6-96D546176DD2}.Release|x86.ActiveCfg = Release|Win32
		{60F76968-427D-4793-81F6-96D546176DD2}.Release|x86.Build.0 = Release|Win32
		{76867913-058A-4485-B415-3E080520F02F}.Debug|x64.ActiveCfg = Debug|x64
		{76867913-058A-4485-B415-3E080520F02F}.Debug|x64.Build.0 = Debug|x64
		{76867913-058A-4485-B415-3E080520F02F}.Debug|x86.ActiveCfg = Debug|Win32
		{76867913-058A-4485-B415-3E080520F02F}.Debug|x86.Build.0 = Debug|Win32
		{76867913-058A-4485-B415-3E080520F02F}.Release|x64.ActiveCfg = Release|x64
		{76867913-058A-4485-B415-3E080520F02F}.Release|x64.Build.0 = Release|x64
		{76867913-058A-4485-B415-3E080520F02F}.Release|x86.ActiveCfg = Release|Win32
		{76867913-058A-4485-B415-3E080520F02F}.Release|x86.Build.0 = Release|Win32
		{318CC982-2B29-4C7B-AF3D-C3575C76F54B}.Debug|x64.ActiveCfg = Debug|x64
		{318CC982-2B29-4C7B-AF3D-C3575C76F54B}.Debug|x64.Build.0 = Debug|x64
		{318CC982-2B29-4C7B-AF3D-C3575C76F54B}.Debug|x86.ActiveCfg = Debug|Win32
		{318CC982-2B29-4C7B-AF3D-C3575C76F54B}.Debug|x86.Build.0 = Debug|Win32
		{318CC982-2B29-4C7B-AF3D-C3575C76F54B}.Release|x64.ActiveCfg = Release|x64
		{318CC982-2B29-4C7B-AF3D-C3575C76F54B}.Release|x64.Build.0 = Release|x64
		{318CC982-2B29-4C7B-AF3D-C3575C76F54B}.Release|x86.ActiveCfg = Release|Win32
		{318CC982-2B29-4C7B-AF3D-C3575C76F54B}.Release|x86.Build.0 = Release|Win32
		{6E36123F-ED93-445A-9089-B930E0498DF8}.Debug|x64.ActiveCfg = Debug|x64
		{6E36123F-ED93-445A-9089-B930E0498DF8}.Debug|x64.Build.0 = Debug|x64
		{6E36123F-ED93-445A-9089-B930E0498DF8}.Debug|x86.ActiveCfg = Debug|Win32
		{6E36123F-ED93-445A-9089-B930E0498DF8}.Debug|x86.Build.0 = Debug|Win32
		{6E36123F-ED93-445A-9089-B930E0498DF8}.Release|x64.ActiveCfg = Release|x64
		{6E36123F-ED93-445A-9089-B930E0498DF8}.Release|x64.Build.0 = Release|x64
		{6E36123F-ED93-445A-9089-B930E0498DF8}.Release|x86.ActiveCfg = Release|Win32
		{6E36123F-ED93-445A-9089-B930E0498DF8}.Release|x86.Build.0 = Release|Win32
		{A0D4A2A7-1548-44BC-9472-73FECEA6EF31}.Debug|x64.ActiveCfg = Debug|x64
		{A0D4A2A7-1548-44BC-9472-73FECEA6EF31}.Debug|x64.Build.0 = Debug|x64
		{A0D4A2A7-1548-44BC-9472-73FECEA6EF31}.Debug|x86.ActiveCfg = Debug|Win32
		{A0D4A2A7-1548-44BC-9472-73FECEA6EF31}.Debug|x86.Build.0 = Debug|Win32
		{A0D4A2A7-1548-44BC-9472-73FECEA6EF31}.Release|x64.ActiveCfg = Release|x64
		{A0D4A2A7-1548-44BC-9472-73FECEA6EF31}.Release|x64.Build.0 = Release|x64
		{A0D4A2A7-1548-44BC-9472-73FECEA6EF31}.Release|x86.ActiveCfg = Release|Win32
		{A0D4A2A7-1548-44BC-9472-73FECEA6EF31}.Release|x86.Build.0 = Release|Win32
		{2815916F-2B31-4D31-BBE0-91A00B6C0B8A}.Debug|x64.ActiveCfg = Debug|x64
		{2815916F-2B31-4D31-BBE0-91A00B6C0B8A}.Debug|x64.Build.0 = Debug|x64
		{2815916F-2B31-4D31-BBE0-91A00B6C0B8A}.Debug|x86.ActiveCfg = Debug|Win32
		{2815916F-2B31-4D31-BBE0-91A00B6C0B8A}.Debug|x86.Build.0 = Debug|Win32
		{2815916F-2B31-4D31-BBE0-91A00B6C0B8A}.Release|x64.ActiveCfg = Release|x64
		{2815916F-2B31-4D31-BBE0-91A00B6C0B8A}.Release|x64.Build.0 = Release|x64
		{2815916F-2B31-4D31-BBE0-91A00B6C0B8A}.Release|x86.ActiveCfg = Release|Win32
		{2815916F-2B31-4D31-BBE0-91A00B6C0B8A}.Release|x86.Build.0 = Release|Win32
		{FB012268-CA75-4427-8741-9C079F08B800}.Debug|x64.ActiveCfg = Debug|x64
		{FB012268-CA75-4427-8741-9C079F08B800}.Debug|x64.Build.0 = Debug|x64
		{FB012268-CA75-4427-8741-9C079F08B800}.Debug|x86.ActiveCfg = Debug|Win32
		{FB012268-CA75-4427-8741-9C079F08B800}.Debug|x86.Build.0 = Debug|Win32
		{FB012268-CA75-4427-8741-9C079F08B800}.Release|x64.ActiveCfg = Release|x64
		{FB012268-CA75-4427-8741-9C079F08B800}.Release|x64.Build.0 = Release|x64
		{FB012268-CA75-4427-8741-9C079F08B800}.Release|x86.ActiveCfg = Release|Win32
		{FB012268-CA75-4427-8741-9C079F08B800}.Release|x86.Build.0 = Release|Win32
		{33CAC447-4C01-4332-9028-085F64794371}.Debug|x64.ActiveCfg = Debug|x64
		{33CAC447-4C01-4332-9028-085F64794371}.Debug|x64.Build.0 = Debug|x64
		{33CAC447-4C01-4332-9028-085F64794371}.Debug|x86.ActiveCfg = Debug|Win32
		{33CAC447-4C01-4332-9028-085F64794371}.Debug|x86.Build.0 = Debug|Win32
		{33CAC447-4C01-4332-9028-085F64794371}.Release|x64.ActiveCfg = Release|x64
		{33CAC447-4C01-4332-9028-085F64794371}.Release|x64.Build.0 = Release|x64
		{33CAC447-4C01-4332-9028-085F64794371}.Release|x86.ActiveCfg = Release|Win32
		{33CAC447-4C01-4332-9028-085F64794371}.Release|x86.Build.0 = Release|Win32
		{A7C9A9D0-6042-4795-8D10-FF2C56C79722}.Debug|x64.ActiveCfg = Debug|x64
		{A7C9A9D0-6042-4795-8D10-FF2C56C79722}.Debug|x64.Build.0 = Debug|x64
		{A7C9A9D0-6042-4795-8D10-FF2C56C79722}.Debug|x86.ActiveCfg = Debug|Win32
		{A7C9A9D0-6042-4795-8D10-FF2C56C79722}.Debug|x86.Build.0 = Debug|Win32
		{A7C9A9D0-6042-4795-8D10-FF2C56C79722}.Release|x64.ActiveCfg = Release|x64
		{A7C9A9D0-6042-4795-8D10-FF2C56C79722}.Release|x64.Build.0 = Release|x64
		{A7C9A9D0-6042-4795-8D10-FF2C56C79722}.Release|x86.ActiveCfg = Release|Win32
		{A7C9A9D0-6042-4795-8D10-FF2C56C79722}.Release|x86.Build.0 = Release|Win32
		{21A87950-7D3C-4955-B334-9D56B519BAD7}.Debug|x64.ActiveCfg = Debug|x64
		{21A87950-7D3C-4955-B334-9D56B519BAD7}.Debug|x64.Build.0 = Debug|x64
		{21A87950-7D3C-4955-B334-9D56B519BAD7}.Debug|x86.ActiveCfg = Debug|Win32
		{21A87950-7D3C-4955-B334-9D56B519BAD7}.Debug|x86.Build.0 = Debug|Win32
		{21A87950-7D3C-4955-B334-9D56B519BAD7}.Release|x64.ActiveCfg = Release|x64
		{21A87950-7D3C-4955-B334-9D56B519BAD7}.Release|x64.Build.0 = Release|x64
		{21A87950-7D3C-4955-B334-9D56B519BAD7}.Release|x86.ActiveCfg = Release|Win32
		{21A87950-7D3C-4955-B334-9D56B519BAD7}.Release|x86.Build.0 = Release|Win32
		{ACD211F1-2FA6-46D7-9422-A4FAFEF2D721}.Debug|x64.ActiveCfg = Debug|x64
		{ACD211F1-2FA6-46D7-9422-A4FAFEF2D721}.Debug|x64.Build.0 = Debug|x64
		{ACD211F1-2FA6-46D7-9422-A4FAFEF2D721}.Debug|x86.ActiveCfg = Debug|Win32
		{ACD211F1-2FA6-46D7-9422-A4FAFEF2D721}.Debug|x86.Build.0 = Debug|Win32
		{ACD211F1-2FA6-46D7-9422-A4FAFEF2D721}.Release|x64.ActiveCfg = Release|x64
		{ACD211F1-2FA6-46D7-9422-A4FAFEF2D721}.Release|x64.Build.0 = Release|x64
		{ACD211F1-2FA6-46D7-9422-A4FAFEF2D721}.Release|x86.ActiveCfg = Release|Win32
		{ACD211F1-2FA6-46D7-9422-A4FAFEF2D721}.Release|x86.Build.0 = Release|Win32
		{3163D3CB-8E97-4E5B-A568-22355740DB66}.Debug|x64.ActiveCfg = Debug|x64
		{3163D3CB-8E97-4E5B-A568-22355740DB66}.Debug|x64.Build.0 = Debug|x64
		{3163D3CB-8E97-4E5B-A568-22355740DB66}.Debug|x86.ActiveCfg = Debug|Win32
		{3163D3CB-8E97-4E5B-A568-22355740DB66}.Debug|x86.Build.0 = Debug|Win32
		{3163D3CB-8E97-4E5B-A568-22355740DB66}.Release|x64.ActiveCfg = Release|x64
		{3163D3CB-8E97-4E5B-A568-22355740DB66}.Release|x64.Build.0 = Release|x64
		{3163D3CB-8E97-4E5B-A568-22355740DB66}.Release|x86.ActiveCfg = Release|Win32
		{3163D3CB-8E97-4E5B-A568-22355740DB66}.Release|x86.Build.0 = Release|Win32
		{510E6F2B-3065-489B-AED5-8818410E1581}.Debug|x64.ActiveCfg = Debug|x64
		{510E6F2B-3065-489B-AED5-8818410E1581}.Debug|x64.Build.0 = Debug|x64
		{510E6F2B-3065-489B-AED5-8818410E1581}.Debug|x86.ActiveCfg = Debug|Win32
		{510E6F2B-3065-489B-AED5-8818410E1581}.Debug|x86.Build.0 = Debug|Win32
		{510E6F2B-3065-489B-AED5-8818410E1581}.Release|x64.ActiveCfg = Release|x64
		{510E6F2B-3065-489B-AED5-8818410E1581}.Release|x64.Build.0 = Release|x64
		{510E6F2B-3065-489B-AED5-8818410E1581}.Release|x86.ActiveCfg = Release|Win32
		{510E6F2B-3065-489B-AED5-8818410E1581}.Release|x86.Build.0 = Release|Win32
		{AFA8B230-6410-47B1-8B9F-E1CFFC026640}.Debug|x64.ActiveCfg = Debug|x64
		{AFA8B230-6410-47B1-8B9F-E1CFFC026640}.Debug|x64.Build.0 = Debug|x64
		{AFA8B230-6410-47B1-8B9F-E1CFFC026640}.Debug|x86.ActiveCfg = Debug|Win32
		{AFA8B230-6410-47B1-8B9F-E1CFFC026640}.Debug|x86.Build.0 = Debug|Win32
		{AFA8B230-6410-47B1-8B9F-E1CFFC026640}.Release|x64.ActiveCfg = Release|x64
		{AFA8B230-6410-47B1-8B9F-E1CFFC026640}.Release|x64.Build.0 = Release|x64
		{AFA8B230-6410-47B1-8B9F-E1CFFC026640}.Release|x86.ActiveCfg = Release|Win32
		{AFA8B230-6410-47B1-8B9F-E1CFFC026640}.Release|x86.Build.0 = Release|Win32
		{F13B5083-FDF3-4EF6-9CA1-1C1759219992}.Debug|x64.ActiveCfg = Debug|x64
		{F13B5083-FDF3-4EF6-9CA1-1C1759219992}.Debug|x64.Build.0 = Debug|x64
		{F13B5083-FDF3-4EF6-9CA1-1C1759219992}.Debug|x86.ActiveCfg = Debug|Win32
		{F13B5083-FDF3-4EF6-9CA1-1C1759219992}.Debug|x86.Build.0 = Debug|Win32
		{F13B5083-FDF3-4EF6-9CA1-1C1759219992}.Release|x64.ActiveCfg = Release|x64
		{F13B5083-FDF3-4EF6-9CA1-1C1759219992}.Release|x64.Build.0 = Release|x64
		{F13B5083-FDF3-4EF6-9CA1-1C1759219992}.Release|x86.ActiveCfg = Release|Win32
		{F13B5083-FDF3-4EF6-9CA1-1C1759219992}.Release|x86.Build.0 = Release|Win32
		{7DEEDD7C-7EB8-4952-9018-AF086BD17143}.Debug|x64.ActiveCfg = Debug|x64
		{7DEEDD7C-7EB8-4952-9018-AF086BD17143}.Debug|x64.Build.0 = Debug|x64
		{7DEEDD7C-7EB8-4952-9018-AF086BD17143}.Debug|x86.ActiveCfg = Debug|Win32
		{7DEEDD7C-7EB8-4952-9018-AF086BD17143}.Debug|x86.Build.0 = Debug|Win32
		{7DEEDD7C-7EB8-4952-9018-AF086BD17143}.Release|x64.ActiveCfg = Release|x64
		{7DEEDD7C-7EB8-4952-9018-AF086BD17143}.Release|x64.Build.0 = Release|x64
		{7DEEDD7C-7EB8-4952-9018-AF086BD17143}.Release|x86.ActiveCfg = Release|Win32
		{7DEEDD7C-7EB8-4952-9018-AF086BD17143}.Release|x86.Build.0 = Release|Win32
		{EEED5D27-C227-4550-BDF4-F6CFEA718EA5}.Debug|x64.ActiveCfg = Debug|x64
		{EEED5D27-C227-4550-BDF4-F6CFEA718EA5}.Debug|x64.Build.0 = Debug|x64
		{EEED5D27-C227-4550-BDF4-F6CFEA718EA5}.Debug|x86.ActiveCfg = Debug|Win32
		{EEED5D27-C227-4550-BDF4-F6CFEA718EA5}.Debug|x86.Build.0 = Debug|Win32
		{EEED5D27-C227-4550-BDF4-F6CFEA718EA5}.Release|x64.ActiveCfg = Release|x64
		{EEED5D27-C227-4550-BDF4-F6CFEA718EA5}.Release|x64.Build.0 = Release|x64
		{EEED5D27-C227-4550-BDF4-F6CFEA718EA5}.Release|x86.ActiveCfg = Release|Win32
		{EEED5D27-C227-4550-BDF4-F6CFEA718EA5}.Release|x86.Build.0 = Release|Win32
		{CE47C10A-C446-47E9-9074-B6D6C9EE67A4}.Debug|x64.ActiveCfg = Debug|x64
		{CE47C10A-C446-47E9-9074-B6D6C9EE67A4}.Debug|x64.Build.0 = Debug|x64
		{CE47C10A-C446-47E9-9074-B6D6C9EE67A4}.Debug|x86.ActiveCfg = Debug|Win32
		{CE47C10A-C446-47E9-9074-B6D6C9EE67A4}.Debug|x86.Build.0 = Debug|Win32
		{CE47C10A-C446-47E9-9074-B6D6C9EE67A4}.Release|x64.ActiveCfg = Release|x64
		{CE47C10A-C446-47E9-9074-B6D6C9EE67A4}.Release|x64.Build.0 = Release|x64
		{CE47C10A-C446-47E9-9074-B6D6C9EE67A4}.Release|x86.ActiveCfg = Release|Win32
		{CE47C10A-C446-47E9-9074-B6D6C9EE67A4}.Release|x86.Build.0 = Release|Win32
		{4B63399C-19A2-4461-9E9E-AB7159B5A537}.Debug|x64.ActiveCfg = Debug|x64
		{4B63399C-19A2-4461-9E9E-AB7159B5A537}.Debug|x64.Build.0 = Debug|x64
		{4B63399C-19A2-4461-9E9E-AB7159B5A537}.Debug|x86.ActiveCfg = Debug|Win32
		{4B63399C-19A2-4461-9E9E-AB7159B5A537}.Debug|x86.Build.0 = Debug|Win32
		{4B63399C-19A2-4461-9E9E-AB7159B5A537}.Release|x64.ActiveCfg = Release|x64
		{4B63399C-19A2-4461-9E9E-AB7159B5A537}.Release|x64.Build.0 = Release|x64
		{4B63399C-19A2-4461-9E9E-AB7159B5A537}.Release|x86.ActiveCfg = Release|Win32
		{4B63399C-19A2-4461-9E9E-AB7159B5A537}.Release|x86.Build.0 = Release|Win32
		{FFCED944-26F5-4BE5-9EFB-F9B8E167D517}.Debug|x64.ActiveCfg = Debug|x64
		{FFCED944-26F5-4BE5-9EFB-F9B8E167D517}.Debug|x64.Build.0 = Debug|x64
		{FFCED944-26F5-4BE5-9EFB-F9B8E167D517}.Debug|x86.ActiveCfg = Debug|Win32
		{FFCED944-26F5-4BE5-9EFB-F9B8E167D517}.Debug|x86.Build.0 = Debug|Win32
		{FFCED944-26F5-4BE5-9EFB-F9B8E167D517}.Release|x64.ActiveCfg = Release|x64
		{FFCED944-26F5-4BE5-9EFB-F9B8E167D517}.Release|x64.Build.0 = Release|x64
		{FFCED944-26F5-4BE5-9EFB-F9B8E167D517}.Release|x86.ActiveCfg = Release|Win32
		{FFCED944-26F5-4BE5-9EFB-F9B8E167D517}.Release|x86.Build.0 = Release|Win32
		{2AFACB23-85C1-4553-B20A-F477574F5DE5}.Debug|x64.ActiveCfg = Debug|x64
		{2AFACB23-85C1-4553-B20A-F477574F5DE5}.Debug|x64.Build.0 = Debug|x64
		{2AFACB23-85C1-4553-B20A-F477574F5DE5}.Debug|x86.ActiveCfg = Debug|Win32
		{2AFACB23-85C1-4553-B20A-F477574F5DE5}.Debug|x86.Build.0 = Debug|Win32
		{2AFACB23-85C1-4553-B20A-F477574F5DE5}.Release|x64.ActiveCfg = Release|x64
		{2AFACB23-85C1-4553-B20A-F477574F5DE5}.Release|x64.Build.0 = Release|x64
		{2AFACB23-85C1-4553-B20A-F477574F5DE5}.Release|x86.ActiveCfg = Release|Win32
		{2AFACB23-85C1-4553-B20A-F477574F5DE5}.Release|x86.Build.0 = Release|Win32
		{7B7EEB89-A6B5-43C6-9EEB-E16B1CB9DB11}.Debug|x64.ActiveCfg = Debug|x64
		{7B7EEB89-A6B5-43C6-9EEB-E16B1CB9DB11}.Debug|x64.Build.0 = Debug|x64
		{7B7EEB89-A6B5-43C6-9EEB-E16B1CB9DB11}.Debug|x86.ActiveCfg = Debug|Win32
		{7B7EEB89-A6B5-43C6-9EEB-E16B1CB9DB11}.Debug|x86.Build.0 = Debug|Win32
		{7B7EEB89-A6B5-43C6-9EEB-E16B1CB9DB11}.Release|x64.ActiveCfg = Release|x64
		{7B7EEB89-A6B5-43C6-9EEB-E16B1CB9DB11}.Release|x64.Build.0 = Release|x64
		{7B7EEB89-A6B5-43C6-9EEB-E16B1CB9DB11}.Release|x86.ActiveCfg = Release|Win32
		{7B7EEB89-A6B5-43C6-9EEB-E16B1CB9DB11}.Release|x86.Build.0 = Release|Win32
		{3302C65F-85A8-4F4F-B6A9-475FAF1D66E9}.Debug|x64.ActiveCfg = Debug|x64
		{3302C65F-85A8-4F4F-B6A9-475FAF1D66E9}.Debug|x64.Build.0 = Debug|x64
		{3302C65F-85A8-4F4F-B6A9-475FAF1D66E9}.Debug|x86.ActiveCfg = Debug|Win32
		{3302C65F-85A8-4F4F-B6A9-475FAF1D66E9}.Debug|x86.Build.0 = Debug|Win32
		{3302C65F-85A8-4F4F-B6A9-475FAF1D66E9}.Release|x64.ActiveCfg = Release|x64
		{3302C65F-85A8-4F4F-B6A9-475FAF1D66E9}.Release|x64.Build.0 = Release|x64
		{3302C65F-85A8-4F4F-B6A9-475FAF1D66E9}.Release|x86.ActiveCfg = Release|Win32
		{3302C65F-85A8-4F4F-B6A9-475FAF1D66E9}.Release|x86.Build.0 = Release|Win32
		{99F4F259-840A-452F-A6D9-43CACDE89123}.Debug|x64.ActiveCfg = Debug|x64
		{99F4F259-840A-452F-A6D9-43CACDE89123}.Debug|x64.Build.0 = Debug|x64
		{99F4F259-840A-452F-A6D9-43CACDE89123}.Debug|x86.ActiveCfg = Debug|Win32
		{99F4F259-840A-452F-A6D9-43CACDE89123}.Debug|x86.Build.0 = Debug|Win32
		{99F4F259-840A-452F-A6D9-43CACDE89123}.Release|x64.ActiveCfg = Release|x64
		{99F4F259-840A-452F-A6D9-43CACDE89123}.Release|x64.Build.0 = Release|x64
		{99F4F259-840A-452F-A6D9-43CACDE89123}.Release|x86.ActiveCfg = Release|Win32
		{99F4F259-840A-452F-A6D9-43CACDE89123}.Release|x86.Build.0 = Release|Win32
		{A42F839E-2B57-4EEA-9327-5BB2550A6F2F}.Debug|x64.ActiveCfg = Debug|x64
		{A42F839E-2B57-4EEA-9327-5BB2550A6F2F}.Debug|x64.Build.0 = Debug|x64
		{A42F839E-2B57-4EEA-9327-5BB2550A6F2F}.Debug|x86.ActiveCfg = Debug|Win32
		{A42F839E-2B57-4EEA-9327-5BB2550A6F2F}.Debug|x86.Build.0 = Debug|Win32
		{A42F839E-2B57-4EEA-9327-5BB2550A6F2F}.Release|x64.ActiveCfg = Release|x64
		{A42F839E-2B57-4EEA-9327-5BB2550A6F2F}.Release|x64.Build.0 = Release|x64
		{A42F839E-2B57-4EEA-9327-5BB2550A6F2F}.Release|x86.ActiveCfg = Release|Win32
		{A42F839E-2B57-4EEA-9327-5BB2550A6F2F}.Release|x86.Build.0 = Release|Win32
		{4C00AFE0-51DE-4C1B-8A40-7D1FB9B696B9}.Debug|x64.ActiveCfg = Debug|x64
		{4C00AFE0-51DE-4C1B-8A40-7D1FB9B696B9}.Debug|x64.Build.0 = Debug|x64
		{4C00AFE0-51DE-4C1B-8A40-7D1FB9B696B9}.Debug|x86.ActiveCfg = Debug|Win32
		{4C00AFE0-51DE-4C1B-8A40-7D1FB9B696B9}.Debug|x86.Build.0 = Debug|Win32
		{4C00AFE0-51DE-4C1B-8A40-7D1FB9B696B9}.Release|x64.ActiveCfg = Release|x64
		{4C00AFE0-51DE-4C1B-8A40-7D1FB9B696B9}.Release|x64.Build.0 = Release|x64
		{4C00AFE0-51DE-4C1B-8A40-7D1FB9B696B9}.Release|x86.ActiveCfg = Release|Win32
		{4C00AFE0-51DE-4C1B-8A40-7D1FB9B696B9}.Release|x86.Build.0 = Release|Win32
		{3D0313F1-A166-42B9-8665-FD9B8208FF60}.Debug|x64.ActiveCfg = Debug|x64
		{3D0313F1-A166-42B9-8665-FD9B8208FF60}.Debug|x64.Build.0 = Debug|x64
		{3D0313F1-A166-42B9-8665-FD9B8208FF60}.Debug|x86.ActiveCfg = Debug|Win32
		{3D0313F1-A166-42B9-8665-FD9B8208FF60}.Debug|x86.Build.0 = Debug|Win32
		{3D0313F1-A166-42B9-8665-FD9B8208FF60}.Release|x64.ActiveCfg = Release|x64
		{3D0313F1-A166-42B9-8665-FD9B8208FF60}.Release|x64.Build.0 = Release|x64
		{3D0313F1-A166-42B9-8665-FD9B8208FF60}.Release|x86.ActiveCfg = Release|Win32
		{3D0313F1-A166-42B9-8665-FD9B8208FF60}.Release|x86.Build.0 = Release|Win32
		{8F287815-2A3C-4F16-8279-47C9B39FB728}.Debug|x64.ActiveCfg = Debug|x64
		{8F287815-2A3C-4F16-8279-47C9B39FB728}.Debug|x64.Build.0 = Debug|x64
		{8F287815-2A3C-4F16-8279-47C9B39FB728}.Debug|x86.ActiveCfg = Debug|Win32
		{8F287815-2A3C-4F16-8279-47C9B39FB728}.Debug|x86.Build.0 = Debug|Win32
		{8F287815-2A3C-4F16-8279-47C9B39FB728}.Release|x64.ActiveCfg = Release|x64
		{8F287815-2A3C-4F16-8279-47C9B39FB728}.Release|x64.Build.0 = Release|x64
		{8F287815-2A3C-4F16-8279-47C9B39FB728}.Release|x86.ActiveCfg = Release|Win32
		{8F287815-2A3C-4F16-8279-47C9B39FB728}.Release|x86.Build.0 = Release|Win32
		{76A80769-E155-49AD-A0E1-FBA8D347D5F0}.Debug|x64.ActiveCfg = Debug|x64
		{76A80769-E155-49AD-A0E1-FBA8D347D5F0}.Debug|x64.Build.0 = Debug|x64
		{76A80769-E155-49AD-A0E1-FBA8D347D5F0}.Debug|x86.ActiveCfg = Debug|Win32
		{76A80769-E155-49AD-A0E1-FBA8D347D5F0}.Debug|x86.Build.0 = Debug|Win32
		{76A80769-E155-49AD-A0E1-FBA8D347D5F0}.Release|x64.ActiveCfg = Release|x64
		{76A80769-E155-49AD-A0E1-FBA8D347D5F0}.Release|x64.Build.0 = Release|x64
		{76A80769-E155-49AD-A0E1-FBA8D347D5F0}.Release|x86.ActiveCfg = Release|Win32
		{76A80769-E155-49AD-A0E1-FBA8D347D5F0}.Release|x86.Build.0 = Release|Win32
		{8D0AE39A-1CF2-4942-AC28-1AA475A8095E}.Debug|x64.ActiveCfg = Debug|x64
		{8D0AE39A-1CF2-4942-AC28-1AA475A8095E}.Debug|x64.Build.0 = Debug|x64
		{8D0AE39A-1CF2-4942-AC28-1AA475A8095E}.Debug|x86.ActiveCfg = Debug|Win32
		{8D0AE39A-1CF2-4942-AC28-1AA475A8095E}.Debug|x86.Build.0 = Debug|Win32
		{8D0AE39A-1CF2-4942-AC28-1AA475A8095E}.Release|x64.ActiveCfg = Release|x64
		{8D0AE39A-1CF2-4942-AC28-1AA475A8095E}.Release|x64.Build.0 = Release|x64
		{8D0AE39A-1CF2-4942-AC28-1AA475A8095E}.Release|x86.ActiveCfg = Release|Win32
		{8D0AE39A-1CF2-4942-AC28-1AA475A8095E}.Release|x86.Build.0 = Release|Win32
		{9F50A54D-23C9-436E-B033-91A2F77AD260}.Debug|x64.ActiveCfg = Debug|x64
		{9F50A54D-23C9-436E-B033-91A2F77AD260}.Debug|x64.Build.0 = Debug|x64
		{9F50A54D-23C9-436E-B033-91A2F77AD260}.Debug|x86.ActiveCfg = Debug|Win32
		{9F50A54D-23C9-436E-B033-91A2F77AD260}.Debug|x86.Build.0 = Debug|Win32
		{9F50A54D-23C9-436E-B033-91A2F77AD260}.Release|x64.ActiveCfg = Release|x64
		{9F50A54D-23C9-436E-B033-91A2F77AD260}.Release|x64.Build.0 = Release|x64
		{9F50A54D-23C9-436E-B033-91A2F77AD260}.Release|x86.ActiveCfg = Release|Win32
		{9F50A54D-23C9-436E-B033-91A2F77AD260}.Release|x86.Build.0 = Release|Win32
		{3E1727DA-0AB6-4AA4-9086-CAB9BF80ED51}.Debug|x64.ActiveCfg = Debug|x64
		{3E1727DA-0AB6-4AA4-9086-CAB9BF80ED51}.Debug|x64.Build.0 = Debug|x64
		{3E1727DA-0AB6-4AA4-9086-CAB9BF80ED51}.Debug|x86.ActiveCfg = Debug|Win32
		{3E1727DA-0AB6-4AA4-9086-CAB9BF80ED51}.Debug|x86.Build.0 = Debug|Win32
		{3E1727DA-0AB6-4AA4-9086-CAB9BF80ED51}.Release|x64.ActiveCfg = Release|x64
		{3E1727DA-0AB6-4AA4-9086-CAB9BF80ED51}.Release|x64.Build.0 = Release|x64
		{3E1727DA-0AB6-4AA4-9086-CAB9BF80ED51}.Release|x86.ActiveCfg = Release|Win32
		{3E1727DA-0AB6-4AA4-9086-CAB9BF80ED51}.Release|x86.Build.0 = Release|Win32
		{FF00B651-7EF7-423D-BDAC-FAACF66B3388}.Debug|x64.ActiveCfg = Debug|x64
		{FF00B651-7EF7-423D-BDAC-FAACF66B3388}.Debug|x64.Build.0 = Debug|x64
		{FF00B651-7EF7-423D-BDAC-FAACF66B3388}.Debug|x86.ActiveCfg = Debug|Win32
		{FF00B651-7EF7-423D-BDAC-FAACF66B3388}.Debug|x86.Build.0 = Debug|Win32
		{FF00B651-7EF7-423D-BDAC-FAACF66B3388}.Release|x64.ActiveCfg = Release|x64
		{FF00B651-7EF7-423D-BDAC-FAACF66B3388}.Release|x64.Build.0 = Release|x64
		{FF00B651-7EF7-423D-BDAC-FAACF66B3388}.Release|x86.ActiveCfg = Release|Win32
		{FF00B651-7EF7-423D-BDAC-FAACF66B3388}.Release|x86.Build.0 = Release|Win32
		{F99853C3-68CD-48B0-8973-6A6E456206FF}.Debug|x64.ActiveCfg = Debug|x64
		{F99853C3-68CD-48B0-8973-6A6E456206FF}.Debug|x64.Build.0 = Debug|x64
		{F99853C3-68CD-48B0-8973-6A6E456206FF}.Debug|x86.ActiveCfg = Debug|Win32
		{F99853C3-68CD-48B0-8973-6A6E456206FF}.Debug|x86.Build.0 = Debug|Win32
		{F99853C3-68CD-48B0-8973-6A6E456206FF}.Release|x64.ActiveCfg = Release|x64
		{F99853C3-68CD-48B0-8973-6A6E456206FF}.Release|x64.Build.0 = Release|x64
		{F99853C3-68CD-48B0-8973-6A6E456206FF}.Release|x86.ActiveCfg = Release|Win32
		{F99853C3-68CD-48B0-8973-6A6E456206FF}.Release|x86.Build.0 = Release|Win32
		{E4FD2C82-6A54-43C9-91D2-2FD98F495958}.Debug|x64.ActiveCfg = Debug|x64
		{E4FD2C82-6A54-43C9-91D2-2FD98F495958}.Debug|x64.Build.0 = Debug|x64
		{E4FD2C82-6A54-43C9-91D2-2FD98F495958}.Debug|x86.ActiveCfg = Debug|Win32
		{E4FD2C82-6A54-43C9-91D2-2FD98F495958}.Debug|x86.Build.0 = Debug|Win32
		{E4FD2C82-6A54-43C9-91D2-2FD98F495958}.Release|x64.ActiveCfg = Release|x64
		{E4FD2C82-6A54-43C9-91D2-2FD98F495958}.Release|x64.Build.0 = Release|x64
		{E4FD2C82-6A54-43C9-91D2-2FD98F495958}.Release|x86.ActiveCfg = Release|Win32
		{E4FD2C82-6A54-43C9-91D2-2FD98F495958}.Release|x86.Build.0 = Release|Win32
		{6188AD5D-CE92-4AA1-888A-F4CE33B76721}.Debug|x64.ActiveCfg = Debug|x64
		{6188AD5D-CE92-4AA1-888A-F4CE33B76721}.Debug|x64.Build.0 = Debug|x64
		{6188AD5D-CE92-4AA1-888A-F4CE33B76721}.Debug|x86.ActiveCfg = Debug|Win32
		{6188AD5D-CE92-4AA1-888A-F4CE33B76721}.Debug|x86.Build.0 = Debug|Win32
		{6188AD5D-CE92-4AA1-888A-F4CE33B76721}.Release|x64.ActiveCfg = Release|x64
		{6188AD5D-CE92-4AA1-888A-F4CE33B76721}.Release|x64.Build.0 = Release|x64
		{6188AD5D-CE92-4AA1-888A-F4CE33B76721}.Release|x86.ActiveCfg = Release|Win32
		{6188AD5D-CE92-4AA1-888A-F4CE33B76721}.Release|x86.Build.0 = Release|Win32
		{4A9CB560-42C0-41FF-B15B-E0BDA9674AA8}.Debug|x64.ActiveCfg = Debug|x64
		{4A9CB560-42C0-41FF-B15B-E0BDA9674AA8}.Debug|x64.Build.0 = Debug|x64
		{4A9CB560-42C0-41FF-B15B-E0BDA9674AA8}.Debug|x86.ActiveCfg = Debug|Win32
		{4A9CB560-42C0-41FF-B15B-E0BDA9674AA8}.Debug|x86.Build.0 = Debug|Win32
		{4A9CB560-42C0-41FF-B15B-E0BDA9674AA8}.Release|x64.ActiveCfg = Release|x64
		{4A9CB560-42C0-41FF-B15B-E0BDA9674AA8}.Release|x64.Build.0 = Release|x64
		{4A9CB560-42C0-41FF-B15B-E0BDA9674AA8}.Release|x86.ActiveCfg = Release|Win32
		{4A9CB560-42C0-41FF-B15B-E0BDA9674AA8}.Release|x86.Build.0 = Release|Win32
		{66BDBC3E-6EE5-4493-92AC-0D4DA1E72AFE}.Debug|x64.ActiveCfg = Debug|x64
		{66BDBC3E-6EE5-4493-92AC-0D4DA1E72AFE}.Debug|x64.Build.0 = Debug|x64
		{66BDBC3E-6EE5-4493-92AC-0D4DA1E72AFE}.Debug|x86.ActiveCfg = Debug|Win32
		{66BDBC3E-6EE5-4493-92AC-0D4DA1E72AFE}.Debug|x86.Build.0 = Debug|Win32
		{66BDBC3E-6EE5-4493-92AC-0D4DA1E72AFE}.Release|x64.ActiveCfg = Release|x64
		{66BDBC3E-6EE5-4493-92AC-0D4DA1E72AFE}.Release|x64.Build.0 = Release|x64
		{66BDBC3E-6EE5-4493-92AC-0D4DA1E72AFE}.Release|x86.ActiveCfg = Release|Win32
		{66BDBC3E-6EE5-4493-92AC-0D4DA1E72AFE}.Release|x86.Build.0 = Release|Win32
		{BDA30BFB-BFA6-4B2C-B126-99190ECD6404}.Debug|x64.ActiveCfg = Debug|x64
		{BDA30BFB-BFA6-4B2C-B126-99190ECD6404}.Debug|x64.Build.0 = Debug|x64
		{BDA30BFB-BFA6-4B2C-B126-99190ECD6404}.Debug|x86.ActiveCfg = Debug|Win32
		{BDA30BFB-BFA6-4B2C-B126-99190ECD6404}.Debug|x86.Build.0 = Debug|Win32
		{BDA30BFB-BFA6-4B2C-B126-99190ECD6404}.Release|x64.ActiveCfg = Release|x64
		{BDA30BFB-BFA6-4B2C-B126-99190ECD6404}.Release|x64.Build.0 = Release|x64
		{BDA30BFB-BFA6-4B2C-B126-99190ECD6404}.Release|x86.ActiveCfg = Release|Win32
		{BDA30BFB-BFA6-4B2C-B126-99190ECD6404}.Release|x86.Build.0 = Release|Win32
		{BE45B455-C7C0-4A9A-89FF-D08B19A42BA5}.Debug|x64.ActiveCfg = Debug|x64
		{BE45B455-C7C0-4A9A-89FF-D08B19A42BA5}.Debug|x64.Build.0 = Debug|x64
		{BE45B455-C7C0-4A9A-89FF-D08B19A42BA5}.Debug|x86.ActiveCfg = Debug|Win32
		{BE45B455-C7C0-4A9A-89FF-D08B19A42BA5}.Debug|x86.Build.0 = Debug|Win32
		{BE45B455-C7C0-4A9A-89FF-D08B19A42BA5}.Release|x64.ActiveCfg = Release|x64
		{BE45B455-C7C0-4A9A-89FF-D08B19A42BA5}.Release|x64.Build.0 = Release|x64
		{BE45B455-C7C0-4A9A-89FF-D08B19A42BA5}.Release|x86.ActiveCfg = Release|Win32
		{BE45B455-C7C0-4A9A-89FF-D08B19A42BA5}.Release|x86.Build.0 = Release|Win32
		{3B374338-9B84-491F-9ECE-2A5BB2E425A4}.Debug|x64.ActiveCfg = Debug|x64
		{3B374338-9B84-491F-9ECE-2A5BB2E425A4}.Debug|x64.Build.0 = Debug|x64
		{3B374338-9B84-491F-9ECE-2A5BB2E425A4}.Debug|x86.ActiveCfg = Debug|Win32
		{3B374338-9B84-491F-9ECE-2A5BB2E425A4}.Debug|x86.Build.0 = Debug|Win32
		{3B374338-9B84-491F-9ECE-2A5BB2E425A4}.Release|x64.ActiveCfg = Release|x64
		{3B374338-9B84-491F-9ECE-2A5BB2E425A4}.Release|x64.Build.0 = Release|x64
		{3B374338-9B84-491F-9ECE-2A5BB2E425A4}.Release|x86.ActiveCfg = Release|Win32
		{3B374338-9B84-491F-9ECE-2A5BB2E425A4}.Release|x86.Build.0 = Release|Win32
		{EE2BBC89-1762-48B2-A228-6A523FAE0B03}.Debug|x64.ActiveCfg = Debug|x64
		{EE2BBC89-1762-48B2-A228-6A523FAE0B03}.Debug|x64.Build.0 = Debug|x64
		{EE2BBC89-1762-48B2-A228-6A523FAE0B03}.Debug|x86.ActiveCfg = Debug|Win32
		{EE2BBC89-1762-48B2-A228-6A523FAE0B03}.Debug|x86.Build.0 = Debug|Win32
		{EE2BBC89-1762-48B2-A228-6A523FAE0B03}.Release|x64.ActiveCfg = Release|x64
		{EE2BBC89-1762-48B2-A228-6A523FAE0B03}.Release|x64.Build.0 = Release|x64
		{EE2BBC89-1762-48B2-A228-6A523FAE0B03}.Release|x86.ActiveCfg = Release|Win32
		{EE2BBC89-1762-48B2-A228-6A523FAE0B03}.Release|x86.Build.0 = Release|Win32
		{21F5DB59-4E04-41A0-BA44-A430025113AC}.Debug|x64.ActiveCfg = Debug|x64
		{21F5DB59-4E04-41A0-BA44-A430025113AC}.Debug|x64.Build.0 = Debug|x64
		{21F5DB59-4E04-41A0-BA44-A430025113AC}.Debug|x86.ActiveCfg = Debug|Win32
		{21F5DB59-4E04-41A0-BA44-A430025113AC}.Debug|x86.Build.0 = Debug|Win32
		{21F5DB59-4E04-41A0-BA44-A430025113AC}.Release|x64.ActiveCfg = Release|x64
		{21F5DB59-4E04-41A0-BA44-A430025113AC}.Release|x64.Build.0 = Release|x64
		{21F5DB59-4E04-41A0-BA44-A430025113AC}.Release|x86.ActiveCfg = Release|Win32
		{21F5DB59-4E04-41A0-BA44-A430025113AC}.Release|x86.Build.0 = Release|Win32
		{5A12CB5B-CBB6-49B8-A487-05BF0CEFC024}.Debug|x64.ActiveCfg = Debug|x64
		{5A12CB5B-CBB6-49B8-A487-05BF0CEFC024}.Debug|x64.Build.0 = Debug|x64
		{5A12CB5B-CBB6-49B8-A487-05BF0CEFC024}.Debug|x86.ActiveCfg = Debug|Win32
		{5A12CB5B-CBB6-49B8-A487-05BF0CEFC024}.Debug|x86.Build.0 = Debug|Win32
		{5A12CB5B-CBB6-49B8-A487-05BF0CEFC024}.Release|x64.ActiveCfg = Release|x64
		{5A12CB5B-CBB6-49B8-A487-05BF0CEFC024}.Release|x64.Build.0 = Release|x64
		{5A12CB5B-CBB6-49B8-A487-05BF0CEFC024}.Release|x86.ActiveCfg = Release|Win32
		{5A12CB5B-CBB6-49B8-A487-05BF0CEFC024}.Release|x86.Build.0 = Release|Win32
		{E67E414A-FCE2-46CC-92D5-3753F554EDCF}.Debug|x64.ActiveCfg = Debug|x64
		{E67E414A-FCE2-46CC-92D5-3753F554EDCF}.Debug|x64.Build.0 = Debug|x64
		{E67E414A-FCE2-46CC-92D5-3753F554EDCF}.Debug|x86.ActiveCfg = Debug|Win32
		{E67E414A-FCE2-46CC-92D5-3753F554EDCF}.Debug|x86.Build.0 = Debug|Win32
		{E67E414A-FCE2-46CC-92D5-3753F554EDCF}.Release|x64.ActiveCfg = Release|x64
		{E67E414A-FCE2-46CC-92D5-3753F554EDCF}.Release|x64.Build.0 = Release|x64
		{E67E414A-FCE2-46CC-92D5-3753F554EDCF}.Release|x86.ActiveCfg = Release|Win32
		{E67E414A-FCE2-46CC-92D5-3753F554EDCF}.Release|x86.Build.0 = Release|Win32
		{5F1E2099-2F78-4007-84F9-BE3038207DEC}.Debug|x64.ActiveCfg = Debug|x64
		{5F1E2099-2F78-4007-84F9-BE3038207DEC}.Debug|x64.Build.0 = Debug|x64
		{5F1E2099-2F78-4007-84F9-BE3038207DEC}.Debug|x86.ActiveCfg = Debug|Win32
		{5F1E2099-2F78-4007-84F9-BE3038207DEC}.Debug|x86.Build.0 = Debug|Win32
		{5F1E2099-2F78-4007-84F9-BE3038207DEC}.Release|x64.ActiveCfg = Release|x64
		{5F1E2099-2F78-4007-84F9-BE3038207DEC}.Release|x64.Build.0 = Release|x64
		{5F1E2099-2F78-4007-84F9-BE3038207DEC}.Release|x86.ActiveCfg = Release|Win32
		{5F1E2099-2F78-4007-84F9-BE3038207DEC}.Release|x86.Build.0 = Release|Win32
		{95217018-CFF3-47D8-9A63-29FA28792990}.Debug|x64.ActiveCfg = Debug|x64
		{95217018-CFF3-47D8-9A63-29FA28792990}.Debug|x64.Build.0 = Debug|x64
		{95217018-CFF3-47D8-9A63-29FA28792990}.Debug|x86.ActiveCfg = Debug|Win32
		{95217018-CFF3-47D8-9A63-29FA28792990}.Debug|x86.Build.0 = Debug|Win32
		{95217018-CFF3-47D8-9A63-29FA28792990}.Release|x64.ActiveCfg = Release|x64
		{95217018-CFF3-47D8-9A63-29FA28792990}.Release|x64.Build.0 = Release|x64
		{95217018-CFF3-47D8-9A63-29FA28792990}.Release|x86.ActiveCfg = Release|Win32
		{95217018-CFF3-47D8-9A63-29FA28792990}.Release|x86.Build.0 = Release|Win32
		{C22F42C6-0DC3-4E76-9EF0-7D76B4EEF99D}.Debug|x64.ActiveCfg = Debug|x64
		{C22F42C6-0DC3-4E76-9EF0-7D76B4EEF99D}.Debug|x64.Build.0 = Debug|x64
		{C22F42C6-0DC3-4E76-9EF0-7D76B4EEF99D}.Debug|x86.ActiveCfg = Debug|Win32
		{C22F42C6-0DC3-4E76-9EF0-7D76B4EEF99D}.Debug|x86.Build.0 = Debug|Win32
		{C22F42C6-0DC3-4E76-9EF0-7D76B4EEF99D}.Release|x64.ActiveCfg = Release|x64
		{C22F42C6-0DC3-4E76-9EF0-7D76B4EEF99D}.Release|x64.Build.0 = Release|x64
		{C22F42C6-0DC3-4E76-9EF0-7D76B4EEF99D}.Release|x86.ActiveCfg = Release|Win32
		{C22F42C6-0DC3-4E76-9EF0-7D76B4EEF99D}.Release|x86.Build.0 = Release|Win32
		{620DF2FB-E6F1-4469-BF2D-75BA028F569D}.Debug|x64.ActiveCfg = Debug|x64
		{620DF2FB-E6F1-4469-BF2D-75BA028F569D}.Debug|x64.Build.0 = Debug|x64
		{620DF2FB-E6F1-4469-BF2D-75BA028F569D}.Debug|x86.ActiveCfg = Debug|Win32
		{620DF2FB-E6F1-4469-BF2D-75BA028F569D}.Debug|x86.Build.0 = Debug|Win32
		{620DF2FB-E6F1-4469-BF2D-75BA028F569D}.Release|x64.ActiveCfg = Release|x64
		{620DF2FB-E6F1-4469-BF2D-75BA028F569D}.Release|x64.Build.0 = Release|x64
		{620DF2FB-E6F1-4469-BF2D-75BA028F569D}.Release|x86.ActiveCfg = Release|Win32
		{620DF2FB-E6F1-4469-BF2D-75BA028F569D}.Release|x86.Build.0 = Release|Win32
		{47819EB2-0177-4DE6-A188-B3A2CCCE2F7F}.Debug|x64.ActiveCfg = Debug|x64
		{47819EB2-0177-4DE6-A188-B3A2CCCE2F7F}.Debug|x64.Build.0 = Debug|x64
		{47819EB2-0177-4DE6-A188-B3A2CCCE2F7F}.Debug|x86.ActiveCfg = Debug|Win32
		{47819EB2-0177-4DE6-A188-B3A2CCCE2F7F}.Debug|x86.Build.0 = Debug|Win32
		{47819EB2-0177-4DE6-A188-B3A2CCCE2F7F}.Release|x64.ActiveCfg = Release|x64
		{47819EB2-0177-4DE6-A188-B3A2CCCE2F7F}.Release|x64.Build.0 = Release|x64
		{47819EB2-0177-4DE6-A188-B3A2CCCE2F7F}.Release|x86.ActiveCfg = Release|Win32
		{47819EB2-0177-4DE6-A188-B3A2CCCE2F7F}.Release|x86.Build.0 = Release|Win32
		{6C783892-1731-46A6-8D72-AAB1E91B6F67}.Debug|x64.ActiveCfg = Debug|x64
		{6C783892-1731-46A6-8D72-AAB1E91B6F67}.Debug|x64.Build.0 = Debug|x64
		{6C783892-1731-46A6-8D72-AAB1E91B6F67}.Debug|x86.ActiveCfg = Debug|Win32
		{6C783892-1731-46A6-8D72-AAB1E91B6F67}.Debug|x86.Build.0 = Debug|Win32
		{6C783892-1731-46A6-8D72-AAB1E91B6F67}.Release|x64.ActiveCfg = Release|x64
		{6C783892-1731-46A6-8D72-AAB1E91B6F67}.Release|x64.Build.0 = Release|x64
		{6C783892-1731-46A6-8D72-AAB1E91B6F67}.Release|x86.ActiveCfg = Release|Win32
		{6C783892-1731-46A6-8D72-AAB1E91B6F67}.Release|x86.Build.0 = Release|Win32
		{B4BF80FD-EF3F-4669-9044-2C05EBBFA926}.Debug|x64.ActiveCfg = Debug|x64
		{B4BF80FD-EF3F-4669-9044-2C05EBBFA926}.Debug|x64.Build.0 = Debug|x64
		{B4BF80FD-EF3F-4669-9044-2C05EBBFA926}.Debug|x86.ActiveCfg = Debug|Win32
		{B4BF80FD-EF3F-4669-9044-2C05EBBFA926}.Debug|x86.Build.0 = Debug|Win32
		{B4BF80FD-EF3F-4669-9044-2C05EBBFA926}.Release|x64.ActiveCfg = Release|x64
		{B4BF80FD-EF3F-4669-9044-2C05EBBFA926}.Release|x64.Build.0 = Release|x64
		{B4BF80FD-EF3F-4669-9044-2C05EBBFA926}.Release|x86.ActiveCfg = Release|Win32
		{B4BF80FD-EF3F-4669-9044-2C05EBBFA926}.Release|x86.Build.0 = Release|Win32
		{31E772C3-BCBF-41EF-B486-9BCDE85CE479}.Debug|x64.ActiveCfg = Debug|x64
		{31E772C3-BCBF-41EF-B486-9BCDE85CE479}.Debug|x64.Build.0 = Debug|x64
		{31E772C3-BCBF-41EF-B486-9BCDE85CE479}.Debug|x86.ActiveCfg = Debug|Win32
		{31E772C3-BCBF-41EF-B486-9BCDE85CE479}.Debug|x86.Build.0 = Debug|Win32
		{31E772C3-BCBF-41EF-B486-9BCDE85CE479}.Release|x64.ActiveCfg = Release|x64
		{31E772C3-BCBF-41EF-B486-9BCDE85CE479}.Release|x64.Build.0 = Release|x64
		{31E772C3-BCBF-41EF-B486-9BCDE85CE479}.Release|x86.ActiveCfg = Release|Win32
		{31E772C3-BCBF-41EF-B486-9BCDE85CE479}.Release|x86.Build.0 = Release|Win32
		{5E58C3C9-BF65-4E64-BB1E-EAC85CB3CC42}.Debug|x64.ActiveCfg = Debug|x64
		{5E58C3C9-BF65-4E64-BB1E-EAC85CB3CC42}.Debug|x64.Build.0 = Debug|x64
		{5E58C3C9-BF65-4E64-BB1E-EAC85CB3CC42}.Debug|x86.ActiveCfg = Debug|Win32
		{5E58C3C9-BF65-4E64-BB1E-EAC85CB3CC42}.Debug|x86.Build.0 = Debug|Win32
		{5E58C3C9-BF65-4E64-BB1E-EAC85CB3CC42}.Release|x64.ActiveCfg = Release|x64
		{5E58C3C9-BF65-4E64-BB1E-EAC85CB3CC42}.Release|x64.Build.0 = Release|x64
		{5E58C3C9-BF65-4E64-BB1E-EAC85CB3CC42}.Release|x86.ActiveCfg = Release|Win32
		{5E58C3C9-BF65-4E64-BB1E-EAC85CB3CC42}.Release|x86.Build.0 = Release|Win32
		{02472208-F99D-492A-802F-A357F9F3B913}.Debug|x64.ActiveCfg = Debug|x64
		{02472208-F99D-492A-802F-A357F9F3B913}.Debug|x64.Build.0 = Debug|x64
		{02472208-F99D-492A-802F-A357F9F3B913}.Debug|x86.ActiveCfg = Debug|Win32
		{02472208-F99D-492A-802F-A357F9F3B913}.Debug|x86.Build.0 = Debug|Win32
		{02472208-F99D-492A-802F-A357F9F3B913}.Release|x64.ActiveCfg = Release|x64
		{02472208-F99D-492A-802F-A357F9F3B913}.Release|x64.Build.0 = Release|x64
		{02472208-F99D-492A-802F-A357F9F3B913}.Release|x86.ActiveCfg = Release|Win32
		{02472208-F99D-492A-802F-A357F9F3B913}.Release|x86.Build.0 = Release|Win32
		{BB59630D-A952-4F91-AD89-2A72010C4508}.Debug|x64.ActiveCfg = Debug|x64
		{BB59630D-A952-4F91-AD89-2A72010C4508}.Debug|x64.Build.0 = Debug|x64
		{BB59630D-A952-4F91-AD89-2A72010C4508}.Debug|x86.ActiveCfg = Debug|Win32
		{BB59630D-A952-4F91-AD89-2A72010C4508}.Debug|x86.Build.0 = Debug|Win32
		{BB59630D-A952-4F91-AD89-2A72010C4508}.Release|x64.ActiveCfg = Release|x64
		{BB59630D-A952-4F91-AD89-2A72010C4508}.Release|x64.Build.0 = Release|x64
		{BB59630D-A952-4F91-AD89-2A72010C4508}.Release|x86.ActiveCfg = Release|Win32
		{BB59630D-A952-4F91-AD89-2A72010C4508}.Release|x86.Build.0 = Release|Win32
		{B66C5424-4F65-4CA5-9A32-13AC186E8738}.Debug|x64.ActiveCfg = Debug|x64
		{B66C5424-4F65-4CA5-9A32-13AC186E8738}.Debug|x64.Build.0 = Debug|x64
		{B66C5424-4F65-4CA5-9A32-13AC186E8738}.Debug|x86.ActiveCfg = Debug|Win32
		{B66C5424-4F65-4CA5-9A32-13AC186E8738}.Debug|x86.Build.0 = Debug|Win32
		{B66C5424-4F65-4CA5-9A32-13AC186E8738}.Release|x64.ActiveCfg = Release|x64
		{B66C5424-4F65-4CA5-9A32-13AC186E8738}.Release|x64.Build.0 = Release|x64
		{B66C5424-4F65-4CA5-9A32-13AC186E8738}.Release|x86.ActiveCfg = Release|Win32
		{B66C5424-4F65-4CA5-9A32-13AC186E8738}.Release|x86.Build.0 = Release|Win32
		{1F08B7CE-2654-41FF-B158-9F8A64DE8D9C}.Debug|x64.ActiveCfg = Debug|x64
		{1F08B7CE-2654-41FF-B158-9F8A64DE8D9C}.Debug|x64.Build.0 = Debug|x64
		{1F08B7CE-2654-41FF-B158-9F8A64DE8D9C}.Debug|x86.ActiveCfg = Debug|Win32
		{1F08B7CE-2654-41FF-B158-9F8A64DE8D9C}.Debug|x86.Build.0 = Debug|Win32
		{1F08B7CE-2654-41FF-B158-9F8A64DE8D9C}.Release|x64.ActiveCfg = Release|x64
		{1F08B7CE-2654-41FF-B158-9F8A64DE8D9C}.Release|x64.Build.0 = Release|x64
		{1F08B7CE-2654-41FF-B158-9F8A64DE8D9C}.Release|x86.ActiveCfg = Release|Win32
		{1F08B7CE-2654-41FF-B158-9F8A64DE8D9C}.Release|x86.Build.0 = Release|Win32
		{3A072603-0233-4F89-A7E8-0CD24F48C44B}.Debug|x64.ActiveCfg = Debug|x64
		{3A072603-0233-4F89-A7E8-0CD24F48C44B}.Debug|x64.Build.0 = Debug|x64
		{3A072603-0233-4F89-A7E8-0CD24F48C44B}.Debug|x86.ActiveCfg = Debug|Win32
		{3A072603-0233-4F89-A7E8-0CD24F48C44B}.Debug|x86.Build.0 = Debug|Win32
		{3A072603-0233-4F89-A7E8-0CD24F48C44B}.Release|x64.ActiveCfg = Release|x64
		{3A072603-0233-4F89-A7E8-0CD24F48C44B}.Release|x64.Build.0 = Release|x64
		{3A072603-0233-4F89-A7E8-0CD24F48C44B}.Release|x86.ActiveCfg = Release|Win32
		{3A072603-0233-4F89-A7E8-0CD24F48C44B}.Release|x86.Build.0 = Release|Win32
	EndGlobalSection
	GlobalSection(SolutionProperties) = preSolution
		HideSolutionNode = FALSE
	EndGlobalSection
	GlobalSection(NestedProjects) = preSolution
		{F8DD73B6-5115-4B56-ADAA-B15AAC372D10} = {762EA5AF-9CAE-44B9-9ED1-5A9324573456}
		{DC50827A-77EE-4C99-A0DB-0F3AA5EA6BC4} = {762EA5AF-9CAE-44B9-9ED1-5A9324573456}
		{63A31AF0-C4E8-4A67-B7F3-2830DE6F8DBC} = {762EA5AF-9CAE-44B9-9ED1-5A9324573456}
		{87CB953B-A2D3-4B78-BEFA-DCAA649AA0B7} = {762EA5AF-9CAE-44B9-9ED1-5A9324573456}
		{C56860C2-9759-4D5E-A96A-CB9CC5FB44CE} = {762EA5AF-9CAE-44B9-9ED1-5A9324573456}
		{8EA49800-FBB8-4FDB-9942-B8F63800BE94} = {762EA5AF-9CAE-44B9-9ED1-5A9324573456}
		{3EDDDD48-D884-4F79-A220-A846B9EC5361} = {762EA5AF-9CAE-44B9-9ED1-5A9324573456}
		{BFB416F6-0B5D-41F0-B616-0EFF8B29B8AD} = {762EA5AF-9CAE-44B9-9ED1-5A9324573456}
		{732F3C1A-641B-4991-B7A1-76044093951F} = {762EA5AF-9CAE-44B9-9ED1-5A9324573456}
		{532B9C5B-7E56-4205-B3D2-D147D317C591} = {762EA5AF-9CAE-44B9-9ED1-5A9324573456}
		{D929B3CD-4AB5-4E35-978F-8C7663CDAFB6} = {762EA5AF-9CAE-44B9-9ED1-5A9324573456}
		{F5AFBA25-2C5A-4626-AB8B-752B69DBA23A} = {762EA5AF-9CAE-44B9-9ED1-5A9324573456}
		{BF7BB5C0-103E-4F6C-A137-1CA110905941} = {762EA5AF-9CAE-44B9-9ED1-5A9324573456}
		{F8E5ED72-C13E-443D-8B64-0CE4FA826D46} = {762EA5AF-9CAE-44B9-9ED1-5A9324573456}
		{40793F63-0D77-4A4A-9DC3-3CEA86B2881B} = {762EA5AF-9CAE-44B9-9ED1-5A9324573456}
		{27082228-AC79-44C8-A2C3-4ED1F261A819} = {762EA5AF-9CAE-44B9-9ED1-5A9324573456}
		{833A54A8-62C7-46BD-B414-3D91EF165877} = {762EA5AF-9CAE-44B9-9ED1-5A9324573456}
		{5D0E883C-E9CE-40B9-AC9A-A613EC2D3F58} = {762EA5AF-9CAE-44B9-9ED1-5A9324573456}
		{B8CB1997-74A4-40AC-9E83-920B5BB581BC} = {762EA5AF-9CAE-44B9-9ED1-5A9324573456}
		{A890CCDB-1897-4D12-AC8E-199F21311FA9} = {762EA5AF-9CAE-44B9-9ED1-5A9324573456}
		{96E4A3FD-6B87-4EED-B10B-45D307421783} = {762EA5AF-9CAE-44B9-9ED1-5A9324573456}
		{368C4DA3-11E6-4535-B99F-5F5D5F9850E3} = {762EA5AF-9CAE-44B9-9ED1-5A9324573456}
		{CDBE6DEB-D026-48D0-A3EC-E932E3E52634} = {762EA5AF-9CAE-44B9-9ED1-5A9324573456}
		{F7FC8F85-55F4-4148-A47E-92357BEFB619} = {762EA5AF-9CAE-44B9-9ED1-5A9324573456}
		{CCC7053A-53EF-47B8-8146-133684555079} = {762EA5AF-9CAE-44B9-9ED1-5A9324573456}
		{E55E8535-3467-487B-9473-C671F236231B} = {762EA5AF-9CAE-44B9-9ED1-5A9324573456}
		{C29FC28F-9AE3-43DD-A594-135617CED887} = {762EA5AF-9CAE-44B9-9ED1-5A9324573456}
		{7C6F11AF-EEE7-4E67-8F8B-A0EBB7AD6722} = {762EA5AF-9CAE-44B9-9ED1-5A9324573456}
		{677A648E-A8C9-490E-8A00-5B10A4615036} = {762EA5AF-9CAE-44B9-9ED1-5A9324573456}
		{8E393579-39AE-4DAF-9754-1F9D9DC0D463} = {47FF28F8-CE8B-4B22-9BAC-854FD5E7F0E3}
		{123F65F0-3B9B-4015-9256-3124B3E3B5A8} = {762EA5AF-9CAE-44B9-9ED1-5A9324573456}
		{007C03CA-53A9-4D32-A560-FAB961734609} = {762EA5AF-9CAE-44B9-9ED1-5A9324573456}
		{3CEFBB79-1DD0-41A7-8621-380B4C0C7E21} = {762EA5AF-9CAE-44B9-9ED1-5A9324573456}
		{682C8740-7C7A-4897-B95F-2C9055D642BA} = {762EA5AF-9CAE-44B9-9ED1-5A9324573456}
		{BCB367C7-8F2E-4C8B-9EF2-9EF8FDAA9AC8} = {762EA5AF-9CAE-44B9-9ED1-5A9324573456}
		{572F104A-8B3C-4AA8-814F-F2D90CAA10EB} = {762EA5AF-9CAE-44B9-9ED1-5A9324573456}
		{80DAB642-A37A-4DBC-BCC3-2773227E5039} = {762EA5AF-9CAE-44B9-9ED1-5A9324573456}
		{9DE3CC0D-44E4-4D03-BE97-AB8B447EF766} = {762EA5AF-9CAE-44B9-9ED1-5A9324573456}
		{E5BEE580-B15F-4CDA-A67A-CBE678FC3130} = {762EA5AF-9CAE-44B9-9ED1-5A9324573456}
		{5A6250C9-335B-4831-9262-A52F35B5ACA4} = {762EA5AF-9CAE-44B9-9ED1-5A9324573456}
		{C9CCAF53-E0A6-44B0-8EC6-4178AFEA8A29} = {762EA5AF-9CAE-44B9-9ED1-5A9324573456}
		{0AC5B5C0-9B17-4C06-8DF3-A9E5FE922163} = {762EA5AF-9CAE-44B9-9ED1-5A9324573456}
		{195F7C02-B244-4CF7-AD19-9BA2E5BFB126} = {762EA5AF-9CAE-44B9-9ED1-5A9324573456}
		{2D9D211B-1BED-4A74-A505-FA80B58179EC} = {762EA5AF-9CAE-44B9-9ED1-5A9324573456}
		{7159855A-939F-4A2F-AC2A-DA0A8D040656} = {762EA5AF-9CAE-44B9-9ED1-5A9324573456}
		{D12C8D70-BCBB-486A-9776-1E112BC78667} = {762EA5AF-9CAE-44B9-9ED1-5A9324573456}
		{60F76968-427D-4793-81F6-96D546176DD2} = {762EA5AF-9CAE-44B9-9ED1-5A9324573456}
		{76867913-058A-4485-B415-3E080520F02F} = {762EA5AF-9CAE-44B9-9ED1-5A9324573456}
		{318CC982-2B29-4C7B-AF3D-C3575C76F54B} = {762EA5AF-9CAE-44B9-9ED1-5A9324573456}
		{6E36123F-ED93-445A-9089-B930E0498DF8} = {762EA5AF-9CAE-44B9-9ED1-5A9324573456}
		{A0D4A2A7-1548-44BC-9472-73FECEA6EF31} = {762EA5AF-9CAE-44B9-9ED1-5A9324573456}
		{2815916F-2B31-4D31-BBE0-91A00B6C0B8A} = {762EA5AF-9CAE-44B9-9ED1-5A9324573456}
		{FB012268-CA75-4427-8741-9C079F08B800} = {762EA5AF-9CAE-44B9-9ED1-5A9324573456}
		{33CAC447-4C01-4332-9028-085F64794371} = {47FF28F8-CE8B-4B22-9BAC-854FD5E7F0E3}
		{A7C9A9D0-6042-4795-8D10-FF2C56C79722} = {47FF28F8-CE8B-4B22-9BAC-854FD5E7F0E3}
		{21A87950-7D3C-4955-B334-9D56B519BAD7} = {762EA5AF-9CAE-44B9-9ED1-5A9324573456}
		{ACD211F1-2FA6-46D7-9422-A4FAFEF2D721} = {762EA5AF-9CAE-44B9-9ED1-5A9324573456}
		{3163D3CB-8E97-4E5B-A568-22355740DB66} = {762EA5AF-9CAE-44B9-9ED1-5A9324573456}
		{510E6F2B-3065-489B-AED5-8818410E1581} = {47FF28F8-CE8B-4B22-9BAC-854FD5E7F0E3}
		{AFA8B230-6410-47B1-8B9F-E1CFFC026640} = {47FF28F8-CE8B-4B22-9BAC-854FD5E7F0E3}
		{F13B5083-FDF3-4EF6-9CA1-1C1759219992} = {762EA5AF-9CAE-44B9-9ED1-5A9324573456}
		{7DEEDD7C-7EB8-4952-9018-AF086BD17143} = {762EA5AF-9CAE-44B9-9ED1-5A9324573456}
		{EEED5D27-C227-4550-BDF4-F6CFEA718EA5} = {762EA5AF-9CAE-44B9-9ED1-5A9324573456}
		{CE47C10A-C446-47E9-9074-B6D6C9EE67A4} = {762EA5AF-9CAE-44B9-9ED1-5A9324573456}
		{4B63399C-19A2-4461-9E9E-AB7159B5A537} = {762EA5AF-9CAE-44B9-9ED1-5A9324573456}
		{FFCED944-26F5-4BE5-9EFB-F9B8E167D517} = {762EA5AF-9CAE-44B9-9ED1-5A9324573456}
		{2AFACB23-85C1-4553-B20A-F477574F5DE5} = {762EA5AF-9CAE-44B9-9ED1-5A9324573456}
		{7B7EEB89-A6B5-43C6-9EEB-E16B1CB9DB11} = {762EA5AF-9CAE-44B9-9ED1-5A9324573456}
		{3302C65F-85A8-4F4F-B6A9-475FAF1D66E9} = {762EA5AF-9CAE-44B9-9ED1-5A9324573456}
		{99F4F259-840A-452F-A6D9-43CACDE89123} = {762EA5AF-9CAE-44B9-9ED1-5A9324573456}
		{A42F839E-2B57-4EEA-9327-5BB2550A6F2F} = {D0F5DD65-8EBC-4565-9D7F-68B5D1B9EB1F}
		{4C00AFE0-51DE-4C1B-8A40-7D1FB9B696B9} = {762EA5AF-9CAE-44B9-9ED1-5A9324573456}
		{3D0313F1-A166-42B9-8665-FD9B8208FF60} = {762EA5AF-9CAE-44B9-9ED1-5A9324573456}
		{8F287815-2A3C-4F16-8279-47C9B39FB728} = {762EA5AF-9CAE-44B9-9ED1-5A9324573456}
		{76A80769-E155-49AD-A0E1-FBA8D347D5F0} = {9063EB09-6BF4-48C1-9649-200D7100CEEA}
		{8D0AE39A-1CF2-4942-AC28-1AA475A8095E} = {762EA5AF-9CAE-44B9-9ED1-5A9324573456}
		{9F50A54D-23C9-436E-B033-91A2F77AD260} = {762EA5AF-9CAE-44B9-9ED1-5A9324573456}
		{3E1727DA-0AB6-4AA4-9086-CAB9BF80ED51} = {9063EB09-6BF4-48C1-9649-200D7100CEEA}
		{FF00B651-7EF7-423D-BDAC-FAACF66B3388} = {57D106D2-54D0-4CDD-B7B3-266B5F73D44B}
		{F99853C3-68CD-48B0-8973-6A6E456206FF} = {762EA5AF-9CAE-44B9-9ED1-5A9324573456}
		{E4FD2C82-6A54-43C9-91D2-2FD98F495958} = {762EA5AF-9CAE-44B9-9ED1-5A9324573456}
		{6188AD5D-CE92-4AA1-888A-F4CE33B76721} = {68102F11-CB90-4F9E-9A79-C793D27FFF3C}
		{4A9CB560-42C0-41FF-B15B-E0BDA9674AA8} = {57D106D2-54D0-4CDD-B7B3-266B5F73D44B}
		{66BDBC3E-6EE5-4493-92AC-0D4DA1E72AFE} = {57D106D2-54D0-4CDD-B7B3-266B5F73D44B}
		{BDA30BFB-BFA6-4B2C-B126-99190ECD6404} = {57D106D2-54D0-4CDD-B7B3-266B5F73D44B}
		{BE45B455-C7C0-4A9A-89FF-D08B19A42BA5} = {762EA5AF-9CAE-44B9-9ED1-5A9324573456}
		{3B374338-9B84-491F-9ECE-2A5BB2E425A4} = {762EA5AF-9CAE-44B9-9ED1-5A9324573456}
		{EE2BBC89-1762-48B2-A228-6A523FAE0B03} = {68102F11-CB90-4F9E-9A79-C793D27FFF3C}
		{21F5DB59-4E04-41A0-BA44-A430025113AC} = {762EA5AF-9CAE-44B9-9ED1-5A9324573456}
		{5A12CB5B-CBB6-49B8-A487-05BF0CEFC024} = {762EA5AF-9CAE-44B9-9ED1-5A9324573456}
		{E67E414A-FCE2-46CC-92D5-3753F554EDCF} = {762EA5AF-9CAE-44B9-9ED1-5A9324573456}
		{5F1E2099-2F78-4007-84F9-BE3038207DEC} = {762EA5AF-9CAE-44B9-9ED1-5A9324573456}
		{95217018-CFF3-47D8-9A63-29FA28792990} = {57D106D2-54D0-4CDD-B7B3-266B5F73D44B}
		{C22F42C6-0DC3-4E76-9EF0-7D76B4EEF99D} = {D0F5DD65-8EBC-4565-9D7F-68B5D1B9EB1F}
		{620DF2FB-E6F1-4469-BF2D-75BA028F569D} = {57D106D2-54D0-4CDD-B7B3-266B5F73D44B}
		{47819EB2-0177-4DE6-A188-B3A2CCCE2F7F} = {762EA5AF-9CAE-44B9-9ED1-5A9324573456}
		{6C783892-1731-46A6-8D72-AAB1E91B6F67} = {762EA5AF-9CAE-44B9-9ED1-5A9324573456}
		{B4BF80FD-EF3F-4669-9044-2C05EBBFA926} = {68102F11-CB90-4F9E-9A79-C793D27FFF3C}
		{31E772C3-BCBF-41EF-B486-9BCDE85CE479} = {762EA5AF-9CAE-44B9-9ED1-5A9324573456}
		{5E58C3C9-BF65-4E64-BB1E-EAC85CB3CC42} = {762EA5AF-9CAE-44B9-9ED1-5A9324573456}
		{02472208-F99D-492A-802F-A357F9F3B913} = {762EA5AF-9CAE-44B9-9ED1-5A9324573456}
		{BB59630D-A952-4F91-AD89-2A72010C4508} = {762EA5AF-9CAE-44B9-9ED1-5A9324573456}
		{B66C5424-4F65-4CA5-9A32-13AC186E8738} = {57D106D2-54D0-4CDD-B7B3-266B5F73D44B}
		{1F08B7CE-2654-41FF-B158-9F8A64DE8D9C} = {762EA5AF-9CAE-44B9-9ED1-5A9324573456}
		{3A072603-0233-4F89-A7E8-0CD24F48C44B} = {762EA5AF-9CAE-44B9-9ED1-5A9324573456}
	EndGlobalSection
	GlobalSection(ExtensibilityGlobals) = postSolution
		SolutionGuid = {B91C90F2-6B00-4083-A2B2-BCD039C18B62}
	EndGlobalSection
EndGlobal
