
Microsoft Visual Studio Solution File, Format Version 12.00
# Visual Studio Version 17
VisualStudioVersion = 17.5.33424.131
MinimumVisualStudioVersion = 10.0.40219.1
Project("{8BC9CEB8-8B4A-11D0-8D11-00A0C91BC942}") = "000_", "000_\000_.vcxproj", "{E404C7A6-E692-4EB7-BDE7-8288102DFF8D}"
EndProject
Project("{8BC9CEB8-8B4A-11D0-8D11-00A0C91BC942}") = "001_StartCPP", "001_StartCPP\001_StartCPP.vcxproj", "{F8DD73B6-5115-4B56-ADAA-B15AAC372D10}"
EndProject
Project("{8BC9CEB8-8B4A-11D0-8D11-00A0C91BC942}") = "002_include", "002_include\002_include.vcxproj", "{DC50827A-77EE-4C99-A0DB-0F3AA5EA6BC4}"
EndProject
Project("{8BC9CEB8-8B4A-11D0-8D11-00A0C91BC942}") = "003_MainFunction", "003_MainFunction\003_MainFunction.vcxproj", "{63A31AF0-C4E8-4A67-B7F3-2830DE6F8DBC}"
EndProject
Project("{8BC9CEB8-8B4A-11D0-8D11-00A0C91BC942}") = "004_Variation", "004_Variation\004_Variation.vcxproj", "{87CB953B-A2D3-4B78-BEFA-DCAA649AA0B7}"
EndProject
Project("{8BC9CEB8-8B4A-11D0-8D11-00A0C91BC942}") = "005_Operator", "005_Operator\005_Operator.vcxproj", "{C56860C2-9759-4D5E-A96A-CB9CC5FB44CE}"
EndProject
Project("{8BC9CEB8-8B4A-11D0-8D11-00A0C91BC942}") = "HotkeyMemo", "HotkeyMemo\HotkeyMemo.vcxproj", "{FF41CE85-F566-4014-A78C-2F6B2DEC8212}"
EndProject
Global
	GlobalSection(SolutionConfigurationPlatforms) = preSolution
		Debug|x64 = Debug|x64
		Debug|x86 = Debug|x86
		Release|x64 = Release|x64
		Release|x86 = Release|x86
	EndGlobalSection
	GlobalSection(ProjectConfigurationPlatforms) = postSolution
		{E404C7A6-E692-4EB7-BDE7-8288102DFF8D}.Debug|x64.ActiveCfg = Debug|x64
		{E404C7A6-E692-4EB7-BDE7-8288102DFF8D}.Debug|x64.Build.0 = Debug|x64
		{E404C7A6-E692-4EB7-BDE7-8288102DFF8D}.Debug|x86.ActiveCfg = Debug|Win32
		{E404C7A6-E692-4EB7-BDE7-8288102DFF8D}.Debug|x86.Build.0 = Debug|Win32
		{E404C7A6-E692-4EB7-BDE7-8288102DFF8D}.Release|x64.ActiveCfg = Release|x64
		{E404C7A6-E692-4EB7-BDE7-8288102DFF8D}.Release|x64.Build.0 = Release|x64
		{E404C7A6-E692-4EB7-BDE7-8288102DFF8D}.Release|x86.ActiveCfg = Release|Win32
		{E404C7A6-E692-4EB7-BDE7-8288102DFF8D}.Release|x86.Build.0 = Release|Win32
		{F8DD73B6-5115-4B56-ADAA-B15AAC372D10}.Debug|x64.ActiveCfg = Debug|x64
		{F8DD73B6-5115-4B56-ADAA-B15AAC372D10}.Debug|x64.Build.0 = Debug|x64
		{F8DD73B6-5115-4B56-ADAA-B15AAC372D10}.Debug|x86.ActiveCfg = Debug|Win32
		{F8DD73B6-5115-4B56-ADAA-B15AAC372D10}.Debug|x86.Build.0 = Debug|Win32
		{F8DD73B6-5115-4B56-ADAA-B15AAC372D10}.Release|x64.ActiveCfg = Release|x64
		{F8DD73B6-5115-4B56-ADAA-B15AAC372D10}.Release|x64.Build.0 = Release|x64
		{F8DD73B6-5115-4B56-ADAA-B15AAC372D10}.Release|x86.ActiveCfg = Release|Win32
		{F8DD73B6-5115-4B56-ADAA-B15AAC372D10}.Release|x86.Build.0 = Release|Win32
		{DC50827A-77EE-4C99-A0DB-0F3AA5EA6BC4}.Debug|x64.ActiveCfg = Debug|x64
		{DC50827A-77EE-4C99-A0DB-0F3AA5EA6BC4}.Debug|x64.Build.0 = Debug|x64
		{DC50827A-77EE-4C99-A0DB-0F3AA5EA6BC4}.Debug|x86.ActiveCfg = Debug|Win32
		{DC50827A-77EE-4C99-A0DB-0F3AA5EA6BC4}.Debug|x86.Build.0 = Debug|Win32
		{DC50827A-77EE-4C99-A0DB-0F3AA5EA6BC4}.Release|x64.ActiveCfg = Release|x64
		{DC50827A-77EE-4C99-A0DB-0F3AA5EA6BC4}.Release|x64.Build.0 = Release|x64
		{DC50827A-77EE-4C99-A0DB-0F3AA5EA6BC4}.Release|x86.ActiveCfg = Release|Win32
		{DC50827A-77EE-4C99-A0DB-0F3AA5EA6BC4}.Release|x86.Build.0 = Release|Win32
		{63A31AF0-C4E8-4A67-B7F3-2830DE6F8DBC}.Debug|x64.ActiveCfg = Debug|x64
		{63A31AF0-C4E8-4A67-B7F3-2830DE6F8DBC}.Debug|x64.Build.0 = Debug|x64
		{63A31AF0-C4E8-4A67-B7F3-2830DE6F8DBC}.Debug|x86.ActiveCfg = Debug|Win32
		{63A31AF0-C4E8-4A67-B7F3-2830DE6F8DBC}.Debug|x86.Build.0 = Debug|Win32
		{63A31AF0-C4E8-4A67-B7F3-2830DE6F8DBC}.Release|x64.ActiveCfg = Release|x64
		{63A31AF0-C4E8-4A67-B7F3-2830DE6F8DBC}.Release|x64.Build.0 = Release|x64
		{63A31AF0-C4E8-4A67-B7F3-2830DE6F8DBC}.Release|x86.ActiveCfg = Release|Win32
		{63A31AF0-C4E8-4A67-B7F3-2830DE6F8DBC}.Release|x86.Build.0 = Release|Win32
		{87CB953B-A2D3-4B78-BEFA-DCAA649AA0B7}.Debug|x64.ActiveCfg = Debug|x64
		{87CB953B-A2D3-4B78-BEFA-DCAA649AA0B7}.Debug|x64.Build.0 = Debug|x64
		{87CB953B-A2D3-4B78-BEFA-DCAA649AA0B7}.Debug|x86.ActiveCfg = Debug|Win32
		{87CB953B-A2D3-4B78-BEFA-DCAA649AA0B7}.Debug|x86.Build.0 = Debug|Win32
		{87CB953B-A2D3-4B78-BEFA-DCAA649AA0B7}.Release|x64.ActiveCfg = Release|x64
		{87CB953B-A2D3-4B78-BEFA-DCAA649AA0B7}.Release|x64.Build.0 = Release|x64
		{87CB953B-A2D3-4B78-BEFA-DCAA649AA0B7}.Release|x86.ActiveCfg = Release|Win32
		{87CB953B-A2D3-4B78-BEFA-DCAA649AA0B7}.Release|x86.Build.0 = Release|Win32
		{C56860C2-9759-4D5E-A96A-CB9CC5FB44CE}.Debug|x64.ActiveCfg = Debug|x64
		{C56860C2-9759-4D5E-A96A-CB9CC5FB44CE}.Debug|x64.Build.0 = Debug|x64
		{C56860C2-9759-4D5E-A96A-CB9CC5FB44CE}.Debug|x86.ActiveCfg = Debug|Win32
		{C56860C2-9759-4D5E-A96A-CB9CC5FB44CE}.Debug|x86.Build.0 = Debug|Win32
		{C56860C2-9759-4D5E-A96A-CB9CC5FB44CE}.Release|x64.ActiveCfg = Release|x64
		{C56860C2-9759-4D5E-A96A-CB9CC5FB44CE}.Release|x64.Build.0 = Release|x64
		{C56860C2-9759-4D5E-A96A-CB9CC5FB44CE}.Release|x86.ActiveCfg = Release|Win32
		{C56860C2-9759-4D5E-A96A-CB9CC5FB44CE}.Release|x86.Build.0 = Release|Win32
		{FF41CE85-F566-4014-A78C-2F6B2DEC8212}.Debug|x64.ActiveCfg = Debug|x64
		{FF41CE85-F566-4014-A78C-2F6B2DEC8212}.Debug|x64.Build.0 = Debug|x64
		{FF41CE85-F566-4014-A78C-2F6B2DEC8212}.Debug|x86.ActiveCfg = Debug|Win32
		{FF41CE85-F566-4014-A78C-2F6B2DEC8212}.Debug|x86.Build.0 = Debug|Win32
		{FF41CE85-F566-4014-A78C-2F6B2DEC8212}.Release|x64.ActiveCfg = Release|x64
		{FF41CE85-F566-4014-A78C-2F6B2DEC8212}.Release|x64.Build.0 = Release|x64
		{FF41CE85-F566-4014-A78C-2F6B2DEC8212}.Release|x86.ActiveCfg = Release|Win32
		{FF41CE85-F566-4014-A78C-2F6B2DEC8212}.Release|x86.Build.0 = Release|Win32
	EndGlobalSection
	GlobalSection(SolutionProperties) = preSolution
		HideSolutionNode = FALSE
	EndGlobalSection
	GlobalSection(ExtensibilityGlobals) = postSolution
		SolutionGuid = {B91C90F2-6B00-4083-A2B2-BCD039C18B62}
	EndGlobalSection
EndGlobal
