
Microsoft Visual Studio Solution File, Format Version 12.00
# Visual Studio Version 17
VisualStudioVersion = 17.5.33424.131
MinimumVisualStudioVersion = 10.0.40219.1
Project("{8BC9CEB8-8B4A-11D0-8D11-00A0C91BC942}") = "018_Const", "018_Const\018_Const.vcxproj", "{A26CA9FB-1D89-426F-AEE5-B61CEEBB49FC}"
EndProject
Global
	GlobalSection(SolutionConfigurationPlatforms) = preSolution
		Debug|x64 = Debug|x64
		Debug|x86 = Debug|x86
		Release|x64 = Release|x64
		Release|x86 = Release|x86
	EndGlobalSection
	GlobalSection(ProjectConfigurationPlatforms) = postSolution
		{A26CA9FB-1D89-426F-AEE5-B61CEEBB49FC}.Debug|x64.ActiveCfg = Debug|x64
		{A26CA9FB-1D89-426F-AEE5-B61CEEBB49FC}.Debug|x64.Build.0 = Debug|x64
		{A26CA9FB-1D89-426F-AEE5-B61CEEBB49FC}.Debug|x86.ActiveCfg = Debug|Win32
		{A26CA9FB-1D89-426F-AEE5-B61CEEBB49FC}.Debug|x86.Build.0 = Debug|Win32
		{A26CA9FB-1D89-426F-AEE5-B61CEEBB49FC}.Release|x64.ActiveCfg = Release|x64
		{A26CA9FB-1D89-426F-AEE5-B61CEEBB49FC}.Release|x64.Build.0 = Release|x64
		{A26CA9FB-1D89-426F-AEE5-B61CEEBB49FC}.Release|x86.ActiveCfg = Release|Win32
		{A26CA9FB-1D89-426F-AEE5-B61CEEBB49FC}.Release|x86.Build.0 = Release|Win32
	EndGlobalSection
	GlobalSection(SolutionProperties) = preSolution
		HideSolutionNode = FALSE
	EndGlobalSection
	GlobalSection(ExtensibilityGlobals) = postSolution
		SolutionGuid = {455E1D04-CD6B-4210-87B0-2CB92FBB2F99}
	EndGlobalSection
EndGlobal
